
Microsoft Visual Studio Solution File, Format Version 12.00
# Visual Studio 2012
Project("{8BC9CEB8-8B4A-11D0-8D11-00A0C91BC942}") = "CHAI3D-ODE", "CHAI3D-ODE-VS2012.vcxproj", "{36A3C28A-B798-4238-B1ED-A7A9B6E8817E}"
EndProject
Project("{8BC9CEB8-8B4A-11D0-8D11-00A0C91BC942}") = "CHAI3D", "..\..\CHAI3D-VS2012.vcxproj", "{A9F01342-5463-4634-B1F9-BF98CD5591B0}"
EndProject
Project("{8BC9CEB8-8B4A-11D0-8D11-00A0C91BC942}") = "glfw", "..\..\extras\GLFW\glfw-VS2012.vcxproj", "{262ACE22-1A12-401D-955E-FF73DD6BF8DB}"
EndProject
Project("{8BC9CEB8-8B4A-11D0-8D11-00A0C91BC942}") = "01-ODE-cube", "examples\GLFW\01-ODE-cube\01-ODE-cube-VS2012.vcxproj", "{D0276A81-CD72-4D8D-8F09-61E24C8983EB}"
	ProjectSection(ProjectDependencies) = postProject
		{262ACE22-1A12-401D-955E-FF73DD6BF8DB} = {262ACE22-1A12-401D-955E-FF73DD6BF8DB}
		{A9F01342-5463-4634-B1F9-BF98CD5591B0} = {A9F01342-5463-4634-B1F9-BF98CD5591B0}
		{36A3C28A-B798-4238-B1ED-A7A9B6E8817E} = {36A3C28A-B798-4238-B1ED-A7A9B6E8817E}
	EndProjectSection
EndProject
Project("{8BC9CEB8-8B4A-11D0-8D11-00A0C91BC942}") = "02-ODE-pool", "examples\GLFW\02-ODE-pool\02-ODE-pool-VS2012.vcxproj", "{3D1196F1-0C7F-4AE8-9E87-B05A50489496}"
	ProjectSection(ProjectDependencies) = postProject
		{262ACE22-1A12-401D-955E-FF73DD6BF8DB} = {262ACE22-1A12-401D-955E-FF73DD6BF8DB}
		{A9F01342-5463-4634-B1F9-BF98CD5591B0} = {A9F01342-5463-4634-B1F9-BF98CD5591B0}
		{36A3C28A-B798-4238-B1ED-A7A9B6E8817E} = {36A3C28A-B798-4238-B1ED-A7A9B6E8817E}
	EndProjectSection
EndProject
Project("{8BC9CEB8-8B4A-11D0-8D11-00A0C91BC942}") = "03-ODE-mesh", "examples\GLFW\03-ODE-mesh\03-ODE-mesh-VS2012.vcxproj", "{74472744-06C8-4665-8806-DA2BFA822A40}"
	ProjectSection(ProjectDependencies) = postProject
		{262ACE22-1A12-401D-955E-FF73DD6BF8DB} = {262ACE22-1A12-401D-955E-FF73DD6BF8DB}
		{A9F01342-5463-4634-B1F9-BF98CD5591B0} = {A9F01342-5463-4634-B1F9-BF98CD5591B0}
		{36A3C28A-B798-4238-B1ED-A7A9B6E8817E} = {36A3C28A-B798-4238-B1ED-A7A9B6E8817E}
	EndProjectSection
EndProject
Project("{8BC9CEB8-8B4A-11D0-8D11-00A0C91BC942}") = "04-ODE-tool", "examples\GLFW\04-ODE-tool\04-ODE-tool-VS2012.vcxproj", "{31784278-082A-4261-A7D6-A729EA24D876}"
	ProjectSection(ProjectDependencies) = postProject
		{262ACE22-1A12-401D-955E-FF73DD6BF8DB} = {262ACE22-1A12-401D-955E-FF73DD6BF8DB}
		{A9F01342-5463-4634-B1F9-BF98CD5591B0} = {A9F01342-5463-4634-B1F9-BF98CD5591B0}
		{36A3C28A-B798-4238-B1ED-A7A9B6E8817E} = {36A3C28A-B798-4238-B1ED-A7A9B6E8817E}
	EndProjectSection
EndProject
Project("{8BC9CEB8-8B4A-11D0-8D11-00A0C91BC942}") = "05-ODE-dental", "examples\GLFW\05-ODE-dental\05-ODE-dental-VS2012.vcxproj", "{3697F9A5-E215-453F-8F42-75A7F3A3ED4B}"
	ProjectSection(ProjectDependencies) = postProject
		{262ACE22-1A12-401D-955E-FF73DD6BF8DB} = {262ACE22-1A12-401D-955E-FF73DD6BF8DB}
		{A9F01342-5463-4634-B1F9-BF98CD5591B0} = {A9F01342-5463-4634-B1F9-BF98CD5591B0}
		{36A3C28A-B798-4238-B1ED-A7A9B6E8817E} = {36A3C28A-B798-4238-B1ED-A7A9B6E8817E}
	EndProjectSection
EndProject
Project("{8BC9CEB8-8B4A-11D0-8D11-00A0C91BC942}") = "06-ODE-exploration", "examples\GLFW\06-ODE-exploration\06-ODE-exploration-VS2012.vcxproj", "{E979BF44-8B7D-42D0-968A-C30C953A7F67}"
	ProjectSection(ProjectDependencies) = postProject
		{262ACE22-1A12-401D-955E-FF73DD6BF8DB} = {262ACE22-1A12-401D-955E-FF73DD6BF8DB}
		{A9F01342-5463-4634-B1F9-BF98CD5591B0} = {A9F01342-5463-4634-B1F9-BF98CD5591B0}
		{36A3C28A-B798-4238-B1ED-A7A9B6E8817E} = {36A3C28A-B798-4238-B1ED-A7A9B6E8817E}
	EndProjectSection
EndProject
Project("{8BC9CEB8-8B4A-11D0-8D11-00A0C91BC942}") = "07-ODE-articulations", "examples\GLFW\07-ODE-articulations\07-ODE-articulations-VS2012.vcxproj", "{C55CA18F-79AD-422E-8465-52E11E617FD4}"
	ProjectSection(ProjectDependencies) = postProject
		{262ACE22-1A12-401D-955E-FF73DD6BF8DB} = {262ACE22-1A12-401D-955E-FF73DD6BF8DB}
		{A9F01342-5463-4634-B1F9-BF98CD5591B0} = {A9F01342-5463-4634-B1F9-BF98CD5591B0}
		{36A3C28A-B798-4238-B1ED-A7A9B6E8817E} = {36A3C28A-B798-4238-B1ED-A7A9B6E8817E}
	EndProjectSection
EndProject
Global
	GlobalSection(SolutionConfigurationPlatforms) = preSolution
		Debug|Win32 = Debug|Win32
		Debug|x64 = Debug|x64
		Release|Win32 = Release|Win32
		Release|x64 = Release|x64
	EndGlobalSection
	GlobalSection(ProjectConfigurationPlatforms) = postSolution
		{36A3C28A-B798-4238-B1ED-A7A9B6E8817E}.Debug|Win32.ActiveCfg = Debug|Win32
		{36A3C28A-B798-4238-B1ED-A7A9B6E8817E}.Debug|Win32.Build.0 = Debug|Win32
		{36A3C28A-B798-4238-B1ED-A7A9B6E8817E}.Debug|x64.ActiveCfg = Debug|x64
		{36A3C28A-B798-4238-B1ED-A7A9B6E8817E}.Debug|x64.Build.0 = Debug|x64
		{36A3C28A-B798-4238-B1ED-A7A9B6E8817E}.Release|Win32.ActiveCfg = Release|Win32
		{36A3C28A-B798-4238-B1ED-A7A9B6E8817E}.Release|Win32.Build.0 = Release|Win32
		{36A3C28A-B798-4238-B1ED-A7A9B6E8817E}.Release|x64.ActiveCfg = Release|x64
		{36A3C28A-B798-4238-B1ED-A7A9B6E8817E}.Release|x64.Build.0 = Release|x64
		{A9F01342-5463-4634-B1F9-BF98CD5591B0}.Debug|Win32.ActiveCfg = Debug|Win32
		{A9F01342-5463-4634-B1F9-BF98CD5591B0}.Debug|Win32.Build.0 = Debug|Win32
		{A9F01342-5463-4634-B1F9-BF98CD5591B0}.Debug|x64.ActiveCfg = Debug|x64
		{A9F01342-5463-4634-B1F9-BF98CD5591B0}.Debug|x64.Build.0 = Debug|x64
		{A9F01342-5463-4634-B1F9-BF98CD5591B0}.Release|Win32.ActiveCfg = Release|Win32
		{A9F01342-5463-4634-B1F9-BF98CD5591B0}.Release|Win32.Build.0 = Release|Win32
		{A9F01342-5463-4634-B1F9-BF98CD5591B0}.Release|x64.ActiveCfg = Release|x64
		{A9F01342-5463-4634-B1F9-BF98CD5591B0}.Release|x64.Build.0 = Release|x64
		{262ACE22-1A12-401D-955E-FF73DD6BF8DB}.Debug|Win32.ActiveCfg = Debug|Win32
		{262ACE22-1A12-401D-955E-FF73DD6BF8DB}.Debug|Win32.Build.0 = Debug|Win32
		{262ACE22-1A12-401D-955E-FF73DD6BF8DB}.Debug|x64.ActiveCfg = Debug|x64
		{262ACE22-1A12-401D-955E-FF73DD6BF8DB}.Debug|x64.Build.0 = Debug|x64
		{262ACE22-1A12-401D-955E-FF73DD6BF8DB}.Release|Win32.ActiveCfg = Release|Win32
		{262ACE22-1A12-401D-955E-FF73DD6BF8DB}.Release|Win32.Build.0 = Release|Win32
		{262ACE22-1A12-401D-955E-FF73DD6BF8DB}.Release|x64.ActiveCfg = Release|x64
		{262ACE22-1A12-401D-955E-FF73DD6BF8DB}.Release|x64.Build.0 = Release|x64
		{D0276A81-CD72-4D8D-8F09-61E24C8983EB}.Debug|Win32.ActiveCfg = Debug|Win32
		{D0276A81-CD72-4D8D-8F09-61E24C8983EB}.Debug|Win32.Build.0 = Debug|Win32
		{D0276A81-CD72-4D8D-8F09-61E24C8983EB}.Debug|x64.ActiveCfg = Debug|x64
		{D0276A81-CD72-4D8D-8F09-61E24C8983EB}.Debug|x64.Build.0 = Debug|x64
		{D0276A81-CD72-4D8D-8F09-61E24C8983EB}.Release|Win32.ActiveCfg = Release|Win32
		{D0276A81-CD72-4D8D-8F09-61E24C8983EB}.Release|Win32.Build.0 = Release|Win32
		{D0276A81-CD72-4D8D-8F09-61E24C8983EB}.Release|x64.ActiveCfg = Release|x64
		{D0276A81-CD72-4D8D-8F09-61E24C8983EB}.Release|x64.Build.0 = Release|x64
		{3D1196F1-0C7F-4AE8-9E87-B05A50489496}.Debug|Win32.ActiveCfg = Debug|Win32
		{3D1196F1-0C7F-4AE8-9E87-B05A50489496}.Debug|Win32.Build.0 = Debug|Win32
		{3D1196F1-0C7F-4AE8-9E87-B05A50489496}.Debug|x64.ActiveCfg = Debug|x64
		{3D1196F1-0C7F-4AE8-9E87-B05A50489496}.Debug|x64.Build.0 = Debug|x64
		{3D1196F1-0C7F-4AE8-9E87-B05A50489496}.Release|Win32.ActiveCfg = Release|Win32
		{3D1196F1-0C7F-4AE8-9E87-B05A50489496}.Release|Win32.Build.0 = Release|Win32
		{3D1196F1-0C7F-4AE8-9E87-B05A50489496}.Release|x64.ActiveCfg = Release|x64
		{3D1196F1-0C7F-4AE8-9E87-B05A50489496}.Release|x64.Build.0 = Release|x64
		{74472744-06C8-4665-8806-DA2BFA822A40}.Debug|Win32.ActiveCfg = Debug|Win32
		{74472744-06C8-4665-8806-DA2BFA822A40}.Debug|Win32.Build.0 = Debug|Win32
		{74472744-06C8-4665-8806-DA2BFA822A40}.Debug|x64.ActiveCfg = Debug|x64
		{74472744-06C8-4665-8806-DA2BFA822A40}.Debug|x64.Build.0 = Debug|x64
		{74472744-06C8-4665-8806-DA2BFA822A40}.Release|Win32.ActiveCfg = Release|Win32
		{74472744-06C8-4665-8806-DA2BFA822A40}.Release|Win32.Build.0 = Release|Win32
		{74472744-06C8-4665-8806-DA2BFA822A40}.Release|x64.ActiveCfg = Release|x64
		{74472744-06C8-4665-8806-DA2BFA822A40}.Release|x64.Build.0 = Release|x64
		{31784278-082A-4261-A7D6-A729EA24D876}.Debug|Win32.ActiveCfg = Debug|Win32
		{31784278-082A-4261-A7D6-A729EA24D876}.Debug|Win32.Build.0 = Debug|Win32
		{31784278-082A-4261-A7D6-A729EA24D876}.Debug|x64.ActiveCfg = Debug|x64
		{31784278-082A-4261-A7D6-A729EA24D876}.Debug|x64.Build.0 = Debug|x64
		{31784278-082A-4261-A7D6-A729EA24D876}.Release|Win32.ActiveCfg = Release|Win32
		{31784278-082A-4261-A7D6-A729EA24D876}.Release|Win32.Build.0 = Release|Win32
		{31784278-082A-4261-A7D6-A729EA24D876}.Release|x64.ActiveCfg = Release|x64
		{31784278-082A-4261-A7D6-A729EA24D876}.Release|x64.Build.0 = Release|x64
		{3697F9A5-E215-453F-8F42-75A7F3A3ED4B}.Debug|Win32.ActiveCfg = Debug|Win32
		{3697F9A5-E215-453F-8F42-75A7F3A3ED4B}.Debug|Win32.Build.0 = Debug|Win32
		{3697F9A5-E215-453F-8F42-75A7F3A3ED4B}.Debug|x64.ActiveCfg = Debug|x64
		{3697F9A5-E215-453F-8F42-75A7F3A3ED4B}.Debug|x64.Build.0 = Debug|x64
		{3697F9A5-E215-453F-8F42-75A7F3A3ED4B}.Release|Win32.ActiveCfg = Release|Win32
		{3697F9A5-E215-453F-8F42-75A7F3A3ED4B}.Release|Win32.Build.0 = Release|Win32
		{3697F9A5-E215-453F-8F42-75A7F3A3ED4B}.Release|x64.ActiveCfg = Release|x64
		{3697F9A5-E215-453F-8F42-75A7F3A3ED4B}.Release|x64.Build.0 = Release|x64
		{E979BF44-8B7D-42D0-968A-C30C953A7F67}.Debug|Win32.ActiveCfg = Debug|Win32
		{E979BF44-8B7D-42D0-968A-C30C953A7F67}.Debug|Win32.Build.0 = Debug|Win32
		{E979BF44-8B7D-42D0-968A-C30C953A7F67}.Debug|x64.ActiveCfg = Debug|x64
		{E979BF44-8B7D-42D0-968A-C30C953A7F67}.Debug|x64.Build.0 = Debug|x64
		{E979BF44-8B7D-42D0-968A-C30C953A7F67}.Release|Win32.ActiveCfg = Release|Win32
		{E979BF44-8B7D-42D0-968A-C30C953A7F67}.Release|Win32.Build.0 = Release|Win32
		{E979BF44-8B7D-42D0-968A-C30C953A7F67}.Release|x64.ActiveCfg = Release|x64
		{E979BF44-8B7D-42D0-968A-C30C953A7F67}.Release|x64.Build.0 = Release|x64
		{C55CA18F-79AD-422E-8465-52E11E617FD4}.Debug|Win32.ActiveCfg = Debug|Win32
		{C55CA18F-79AD-422E-8465-52E11E617FD4}.Debug|Win32.Build.0 = Debug|Win32
		{C55CA18F-79AD-422E-8465-52E11E617FD4}.Debug|x64.ActiveCfg = Debug|x64
		{C55CA18F-79AD-422E-8465-52E11E617FD4}.Debug|x64.Build.0 = Debug|x64
		{C55CA18F-79AD-422E-8465-52E11E617FD4}.Release|Win32.ActiveCfg = Release|Win32
		{C55CA18F-79AD-422E-8465-52E11E617FD4}.Release|Win32.Build.0 = Release|Win32
		{C55CA18F-79AD-422E-8465-52E11E617FD4}.Release|x64.ActiveCfg = Release|x64
		{C55CA18F-79AD-422E-8465-52E11E617FD4}.Release|x64.Build.0 = Release|x64
	EndGlobalSection
	GlobalSection(SolutionProperties) = preSolution
		HideSolutionNode = FALSE
	EndGlobalSection
EndGlobal
