<?xml version="1.0" encoding="utf-8"?>
<Project ToolsVersion="4.0" xmlns="http://schemas.microsoft.com/developer/msbuild/2003">
  <ItemGroup>
    <Filter Include="Source Files">
      <UniqueIdentifier>{4FC737F1-C7A5-4376-A066-2A32D752A2FF}</UniqueIdentifier>
      <Extensions>cpp;c;cxx;def;odl;idl;hpj;bat;asm;asmx</Extensions>
    </Filter>
    <Filter Include="Resource Files">
      <UniqueIdentifier>{67DA6AB6-F800-4c08-8B7A-83BB121AAD01}</UniqueIdentifier>
      <Extensions>rc;ico;cur;bmp;dlg;rc2;rct;bin;rgs;gif;jpg;jpeg;jpe;resx</Extensions>
    </Filter>
    <Filter Include="ode">
      <UniqueIdentifier>{8a3c06a1-3644-46af-ab2d-59ba1db6ad75}</UniqueIdentifier>
    </Filter>
    <Filter Include="ode/src">
      <UniqueIdentifier>{26c2e7da-3a69-42bd-97cf-209624c7048a}</UniqueIdentifier>
    </Filter>
    <Filter Include="ode/src/joints">
      <UniqueIdentifier>{c8aa3cf9-2b82-4746-aa80-5b4a45de19f9}</UniqueIdentifier>
    </Filter>
    <Filter Include="OPCODE">
      <UniqueIdentifier>{8a0caf4e-407b-449e-bf0d-fb7442658d84}</UniqueIdentifier>
    </Filter>
    <Filter Include="OPCODE/Ice">
      <UniqueIdentifier>{491e280c-235b-494f-9cd5-0ae1540373c3}</UniqueIdentifier>
    </Filter>
  </ItemGroup>
  <ItemGroup>
    <ClCompile Include="src/CODEGenericBody.cpp">
      <Filter>Source Files</Filter>
    </ClCompile>
    <ClCompile Include="src/CODEWorld.cpp">
      <Filter>Source Files</Filter>
    </ClCompile>
    <ClCompile Include="external/ODE/ode/src/array.cpp">
      <Filter>ode/src</Filter>
    </ClCompile>
    <ClCompile Include="external/ODE/ode/src/box.cpp">
      <Filter>ode/src</Filter>
    </ClCompile>
    <ClCompile Include="external/ODE/ode/src/capsule.cpp">
      <Filter>ode/src</Filter>
    </ClCompile>
    <ClCompile Include="external/ODE/ode/src/collision_cylinder_box.cpp">
      <Filter>ode/src</Filter>
    </ClCompile>
    <ClCompile Include="external/ODE/ode/src/collision_cylinder_plane.cpp">
      <Filter>ode/src</Filter>
    </ClCompile>
    <ClCompile Include="external/ODE/ode/src/collision_cylinder_sphere.cpp">
      <Filter>ode/src</Filter>
    </ClCompile>
    <ClCompile Include="external/ODE/ode/src/collision_cylinder_trimesh.cpp">
      <Filter>ode/src</Filter>
    </ClCompile>
    <ClCompile Include="external/ODE/ode/src/collision_kernel.cpp">
      <Filter>ode/src</Filter>
    </ClCompile>
    <ClCompile Include="external/ODE/ode/src/collision_quadtreespace.cpp">
      <Filter>ode/src</Filter>
    </ClCompile>
    <ClCompile Include="external/ODE/ode/src/collision_sapspace.cpp">
      <Filter>ode/src</Filter>
    </ClCompile>
    <ClCompile Include="external/ODE/ode/src/collision_space.cpp">
      <Filter>ode/src</Filter>
    </ClCompile>
    <ClCompile Include="external/ODE/ode/src/collision_transform.cpp">
      <Filter>ode/src</Filter>
    </ClCompile>
    <ClCompile Include="external/ODE/ode/src/collision_trimesh_box.cpp">
      <Filter>ode/src</Filter>
    </ClCompile>
    <ClCompile Include="external/ODE/ode/src/collision_trimesh_ccylinder.cpp">
      <Filter>ode/src</Filter>
    </ClCompile>
    <ClCompile Include="external/ODE/ode/src/collision_trimesh_disabled.cpp">
      <Filter>ode/src</Filter>
    </ClCompile>
    <ClCompile Include="external/ODE/ode/src/collision_trimesh_distance.cpp">
      <Filter>ode/src</Filter>
    </ClCompile>
    <ClCompile Include="external/ODE/ode/src/collision_trimesh_gimpact.cpp">
      <Filter>ode/src</Filter>
    </ClCompile>
    <ClCompile Include="external/ODE/ode/src/collision_trimesh_opcode.cpp">
      <Filter>ode/src</Filter>
    </ClCompile>
    <ClCompile Include="external/ODE/ode/src/collision_trimesh_plane.cpp">
      <Filter>ode/src</Filter>
    </ClCompile>
    <ClCompile Include="external/ODE/ode/src/collision_trimesh_ray.cpp">
      <Filter>ode/src</Filter>
    </ClCompile>
    <ClCompile Include="external/ODE/ode/src/collision_trimesh_sphere.cpp">
      <Filter>ode/src</Filter>
    </ClCompile>
    <ClCompile Include="external/ODE/ode/src/collision_trimesh_trimesh.cpp">
      <Filter>ode/src</Filter>
    </ClCompile>
    <ClCompile Include="external/ODE/ode/src/collision_trimesh_trimesh_new.cpp">
      <Filter>ode/src</Filter>
    </ClCompile>
    <ClCompile Include="external/ODE/ode/src/collision_util.cpp">
      <Filter>ode/src</Filter>
    </ClCompile>
    <ClCompile Include="external/ODE/ode/src/convex.cpp">
      <Filter>ode/src</Filter>
    </ClCompile>
    <ClCompile Include="external/ODE/ode/src/cylinder.cpp">
      <Filter>ode/src</Filter>
    </ClCompile>
    <ClCompile Include="external/ODE/ode/src/error.cpp">
      <Filter>ode/src</Filter>
    </ClCompile>
    <ClCompile Include="external/ODE/ode/src/export-dif.cpp">
      <Filter>ode/src</Filter>
    </ClCompile>
    <ClCompile Include="external/ODE/ode/src/fastdot.c">
      <Filter>ode/src</Filter>
    </ClCompile>
    <ClCompile Include="external/ODE/ode/src/fastldlt.c">
      <Filter>ode/src</Filter>
    </ClCompile>
    <ClCompile Include="external/ODE/ode/src/fastlsolve.c">
      <Filter>ode/src</Filter>
    </ClCompile>
    <ClCompile Include="external/ODE/ode/src/fastltsolve.c">
      <Filter>ode/src</Filter>
    </ClCompile>
    <ClCompile Include="external/ODE/ode/src/heightfield.cpp">
      <Filter>ode/src</Filter>
    </ClCompile>
    <ClCompile Include="external/ODE/ode/src/lcp.cpp">
      <Filter>ode/src</Filter>
    </ClCompile>
    <ClCompile Include="external/ODE/ode/src/mass.cpp">
      <Filter>ode/src</Filter>
    </ClCompile>
    <ClCompile Include="external/ODE/ode/src/mat.cpp">
      <Filter>ode/src</Filter>
    </ClCompile>
    <ClCompile Include="external/ODE/ode/src/matrix.cpp">
      <Filter>ode/src</Filter>
    </ClCompile>
    <ClCompile Include="external/ODE/ode/src/memory.cpp">
      <Filter>ode/src</Filter>
    </ClCompile>
    <ClCompile Include="external/ODE/ode/src/misc.cpp">
      <Filter>ode/src</Filter>
    </ClCompile>
    <ClCompile Include="external/ODE/ode/src/obstack.cpp">
      <Filter>ode/src</Filter>
    </ClCompile>
    <ClCompile Include="external/ODE/ode/src/ode.cpp">
      <Filter>ode/src</Filter>
    </ClCompile>
    <ClCompile Include="external/ODE/ode/src/odeinit.cpp">
      <Filter>ode/src</Filter>
    </ClCompile>
    <ClCompile Include="external/ODE/ode/src/odemath.cpp">
      <Filter>ode/src</Filter>
    </ClCompile>
    <ClCompile Include="external/ODE/ode/src/odeou.cpp">
      <Filter>ode/src</Filter>
    </ClCompile>
    <ClCompile Include="external/ODE/ode/src/odetls.cpp">
      <Filter>ode/src</Filter>
    </ClCompile>
    <ClCompile Include="external/ODE/ode/src/plane.cpp">
      <Filter>ode/src</Filter>
    </ClCompile>
    <ClCompile Include="external/ODE/ode/src/quickstep.cpp">
      <Filter>ode/src</Filter>
    </ClCompile>
    <ClCompile Include="external/ODE/ode/src/ray.cpp">
      <Filter>ode/src</Filter>
    </ClCompile>
    <ClCompile Include="external/ODE/ode/src/rotation.cpp">
      <Filter>ode/src</Filter>
    </ClCompile>
    <ClCompile Include="external/ODE/ode/src/sphere.cpp">
      <Filter>ode/src</Filter>
    </ClCompile>
    <ClCompile Include="external/ODE/ode/src/step.cpp">
      <Filter>ode/src</Filter>
    </ClCompile>
    <ClCompile Include="external/ODE/ode/src/stepfast.cpp">
      <Filter>ode/src</Filter>
    </ClCompile>
    <ClCompile Include="external/ODE/ode/src/testing.cpp">
      <Filter>ode/src</Filter>
    </ClCompile>
    <ClCompile Include="external/ODE/ode/src/timer.cpp">
      <Filter>ode/src</Filter>
    </ClCompile>
    <ClCompile Include="external/ODE/ode/src/util.cpp">
      <Filter>ode/src</Filter>
    </ClCompile>
    <ClCompile Include="external/ODE/ode/src/joints/amotor.cpp">
      <Filter>ode/src/joints</Filter>
    </ClCompile>
    <ClCompile Include="external/ODE/ode/src/joints/ball.cpp">
      <Filter>ode/src/joints</Filter>
    </ClCompile>
    <ClCompile Include="external/ODE/ode/src/joints/contact.cpp">
      <Filter>ode/src/joints</Filter>
    </ClCompile>
    <ClCompile Include="external/ODE/ode/src/joints/fixed.cpp">
      <Filter>ode/src/joints</Filter>
    </ClCompile>
    <ClCompile Include="external/ODE/ode/src/joints/hinge.cpp">
      <Filter>ode/src/joints</Filter>
    </ClCompile>
    <ClCompile Include="external/ODE/ode/src/joints/hinge2.cpp">
      <Filter>ode/src/joints</Filter>
    </ClCompile>
    <ClCompile Include="external/ODE/ode/src/joints/joint.cpp">
      <Filter>ode/src/joints</Filter>
    </ClCompile>
    <ClCompile Include="external/ODE/ode/src/joints/lmotor.cpp">
      <Filter>ode/src/joints</Filter>
    </ClCompile>
    <ClCompile Include="external/ODE/ode/src/joints/null.cpp">
      <Filter>ode/src/joints</Filter>
    </ClCompile>
    <ClCompile Include="external/ODE/ode/src/joints/piston.cpp">
      <Filter>ode/src/joints</Filter>
    </ClCompile>
    <ClCompile Include="external/ODE/ode/src/joints/plane2d.cpp">
      <Filter>ode/src/joints</Filter>
    </ClCompile>
    <ClCompile Include="external/ODE/ode/src/joints/pr.cpp">
      <Filter>ode/src/joints</Filter>
    </ClCompile>
    <ClCompile Include="external/ODE/ode/src/joints/pu.cpp">
      <Filter>ode/src/joints</Filter>
    </ClCompile>
    <ClCompile Include="external/ODE/ode/src/joints/slider.cpp">
      <Filter>ode/src/joints</Filter>
    </ClCompile>
    <ClCompile Include="external/ODE/ode/src/joints/universal.cpp">
      <Filter>ode/src/joints</Filter>
    </ClCompile>
    <ClCompile Include="external/ODE/OPCODE/OPC_AABBCollider.cpp">
      <Filter>OPCODE</Filter>
    </ClCompile>
    <ClCompile Include="external/ODE/OPCODE/OPC_AABBTree.cpp">
      <Filter>OPCODE</Filter>
    </ClCompile>
    <ClCompile Include="external/ODE/OPCODE/OPC_BaseModel.cpp">
      <Filter>OPCODE</Filter>
    </ClCompile>
    <ClCompile Include="external/ODE/OPCODE/OPC_Collider.cpp">
      <Filter>OPCODE</Filter>
    </ClCompile>
    <ClCompile Include="external/ODE/OPCODE/OPC_Common.cpp">
      <Filter>OPCODE</Filter>
    </ClCompile>
    <ClCompile Include="external/ODE/OPCODE/OPC_HybridModel.cpp">
      <Filter>OPCODE</Filter>
    </ClCompile>
    <ClCompile Include="external/ODE/OPCODE/OPC_LSSCollider.cpp">
      <Filter>OPCODE</Filter>
    </ClCompile>
    <ClCompile Include="external/ODE/OPCODE/OPC_MeshInterface.cpp">
      <Filter>OPCODE</Filter>
    </ClCompile>
    <ClCompile Include="external/ODE/OPCODE/OPC_Model.cpp">
      <Filter>OPCODE</Filter>
    </ClCompile>
    <ClCompile Include="external/ODE/OPCODE/OPC_OBBCollider.cpp">
      <Filter>OPCODE</Filter>
    </ClCompile>
    <ClCompile Include="external/ODE/OPCODE/OPC_OptimizedTree.cpp">
      <Filter>OPCODE</Filter>
    </ClCompile>
    <ClCompile Include="external/ODE/OPCODE/OPC_Picking.cpp">
      <Filter>OPCODE</Filter>
    </ClCompile>
    <ClCompile Include="external/ODE/OPCODE/OPC_PlanesCollider.cpp">
      <Filter>OPCODE</Filter>
    </ClCompile>
    <ClCompile Include="external/ODE/OPCODE/OPC_RayCollider.cpp">
      <Filter>OPCODE</Filter>
    </ClCompile>
    <ClCompile Include="external/ODE/OPCODE/OPC_SphereCollider.cpp">
      <Filter>OPCODE</Filter>
    </ClCompile>
    <ClCompile Include="external/ODE/OPCODE/OPC_TreeBuilders.cpp">
      <Filter>OPCODE</Filter>
    </ClCompile>
    <ClCompile Include="external/ODE/OPCODE/OPC_TreeCollider.cpp">
      <Filter>OPCODE</Filter>
    </ClCompile>
    <ClCompile Include="external/ODE/OPCODE/OPC_VolumeCollider.cpp">
      <Filter>OPCODE</Filter>
    </ClCompile>
    <ClCompile Include="external/ODE/OPCODE/Opcode.cpp">
      <Filter>OPCODE</Filter>
    </ClCompile>
    <ClCompile Include="external/ODE/OPCODE/Ice/IceAABB.cpp">
      <Filter>OPCODE/Ice</Filter>
    </ClCompile>
    <ClCompile Include="external/ODE/OPCODE/Ice/IceContainer.cpp">
      <Filter>OPCODE/Ice</Filter>
    </ClCompile>
    <ClCompile Include="external/ODE/OPCODE/Ice/IceHPoint.cpp">
      <Filter>OPCODE/Ice</Filter>
    </ClCompile>
    <ClCompile Include="external/ODE/OPCODE/Ice/IceIndexedTriangle.cpp">
      <Filter>OPCODE/Ice</Filter>
    </ClCompile>
    <ClCompile Include="external/ODE/OPCODE/Ice/IceMatrix3x3.cpp">
      <Filter>OPCODE/Ice</Filter>
    </ClCompile>
    <ClCompile Include="external/ODE/OPCODE/Ice/IceMatrix4x4.cpp">
      <Filter>OPCODE/Ice</Filter>
    </ClCompile>
    <ClCompile Include="external/ODE/OPCODE/Ice/IceOBB.cpp">
      <Filter>OPCODE/Ice</Filter>
    </ClCompile>
    <ClCompile Include="external/ODE/OPCODE/Ice/IcePlane.cpp">
      <Filter>OPCODE/Ice</Filter>
    </ClCompile>
    <ClCompile Include="external/ODE/OPCODE/Ice/IcePoint.cpp">
      <Filter>OPCODE/Ice</Filter>
    </ClCompile>
    <ClCompile Include="external/ODE/OPCODE/Ice/IceRandom.cpp">
      <Filter>OPCODE/Ice</Filter>
    </ClCompile>
    <ClCompile Include="external/ODE/OPCODE/Ice/IceRay.cpp">
      <Filter>OPCODE/Ice</Filter>
    </ClCompile>
    <ClCompile Include="external/ODE/OPCODE/Ice/IceRevisitedRadix.cpp">
      <Filter>OPCODE/Ice</Filter>
    </ClCompile>
    <ClCompile Include="external/ODE/OPCODE/Ice/IceSegment.cpp">
      <Filter>OPCODE/Ice</Filter>
    </ClCompile>
    <ClCompile Include="external/ODE/OPCODE/Ice/IceTriangle.cpp">
      <Filter>OPCODE/Ice</Filter>
    </ClCompile>
    <ClCompile Include="external/ODE/OPCODE/Ice/IceUtils.cpp">
      <Filter>OPCODE/Ice</Filter>
    </ClCompile>
  </ItemGroup>
  <ItemGroup>
    <ClInclude Include="external/ODE/include/ode/collision.h">
      <Filter>ode</Filter>
    </ClInclude>
    <ClInclude Include="external/ODE/include/ode/collision_space.h">
      <Filter>ode</Filter>
    </ClInclude>
    <ClInclude Include="external/ODE/include/ode/collision_trimesh.h">
      <Filter>ode</Filter>
    </ClInclude>
    <ClInclude Include="external/ODE/include/ode/common.h">
      <Filter>ode</Filter>
    </ClInclude>
    <ClInclude Include="external/ODE/include/ode/compatibility.h">
      <Filter>ode</Filter>
    </ClInclude>
    <ClInclude Include="external/ODE/include/ode/contact.h">
      <Filter>ode</Filter>
    </ClInclude>
    <ClInclude Include="external/ODE/include/ode/error.h">
      <Filter>ode</Filter>
    </ClInclude>
    <ClInclude Include="external/ODE/include/ode/export-dif.h">
      <Filter>ode</Filter>
    </ClInclude>
    <ClInclude Include="external/ODE/include/ode/mass.h">
      <Filter>ode</Filter>
    </ClInclude>
    <ClInclude Include="external/ODE/include/ode/matrix.h">
      <Filter>ode</Filter>
    </ClInclude>
    <ClInclude Include="external/ODE/include/ode/memory.h">
      <Filter>ode</Filter>
    </ClInclude>
    <ClInclude Include="external/ODE/include/ode/misc.h">
      <Filter>ode</Filter>
    </ClInclude>
    <ClInclude Include="external/ODE/include/ode/objects.h">
      <Filter>ode</Filter>
    </ClInclude>
    <ClInclude Include="external/ODE/include/ode/ode.h">
      <Filter>ode</Filter>
    </ClInclude>
    <ClInclude Include="external/ODE/include/ode/odeconfig.h">
      <Filter>ode</Filter>
    </ClInclude>
    <ClInclude Include="external/ODE/include/ode/odecpp.h">
      <Filter>ode</Filter>
    </ClInclude>
    <ClInclude Include="external/ODE/include/ode/odecpp_collision.h">
      <Filter>ode</Filter>
    </ClInclude>
    <ClInclude Include="external/ODE/include/ode/odeinit.h">
      <Filter>ode</Filter>
    </ClInclude>
    <ClInclude Include="external/ODE/include/ode/odemath.h">
      <Filter>ode</Filter>
    </ClInclude>
    <ClInclude Include="external/ODE/include/ode/rotation.h">
      <Filter>ode</Filter>
    </ClInclude>
    <ClInclude Include="external/ODE/include/ode/timer.h">
      <Filter>ode</Filter>
    </ClInclude>
    <ClInclude Include="external/ODE/ode/src/array.h">
      <Filter>ode/src</Filter>
    </ClInclude>
    <ClInclude Include="external/ODE/ode/src/collision_kernel.h">
      <Filter>ode/src</Filter>
    </ClInclude>
    <ClInclude Include="external/ODE/ode/src/collision_space_internal.h">
      <Filter>ode/src</Filter>
    </ClInclude>
    <ClInclude Include="external/ODE/ode/src/collision_std.h">
      <Filter>ode/src</Filter>
    </ClInclude>
    <ClInclude Include="external/ODE/ode/src/collision_transform.h">
      <Filter>ode/src</Filter>
    </ClInclude>
    <ClInclude Include="external/ODE/ode/src/collision_trimesh_colliders.h">
      <Filter>ode/src</Filter>
    </ClInclude>
    <ClInclude Include="external/ODE/ode/src/collision_trimesh_internal.h">
      <Filter>ode/src</Filter>
    </ClInclude>
    <ClInclude Include="external/ODE/ode/src/collision_util.h">
      <Filter>ode/src</Filter>
    </ClInclude>
    <ClInclude Include="external/ODE/ode/src/config.h">
      <Filter>ode/src</Filter>
    </ClInclude>
    <ClInclude Include="external/ODE/ode/src/heightfield.h">
      <Filter>ode/src</Filter>
    </ClInclude>
    <ClInclude Include="external/ODE/ode/src/lcp.h">
      <Filter>ode/src</Filter>
    </ClInclude>
    <ClInclude Include="external/ODE/ode/src/mat.h">
      <Filter>ode/src</Filter>
    </ClInclude>
    <ClInclude Include="external/ODE/ode/src/objects.h">
      <Filter>ode/src</Filter>
    </ClInclude>
    <ClInclude Include="external/ODE/ode/src/obstack.h">
      <Filter>ode/src</Filter>
    </ClInclude>
    <ClInclude Include="external/ODE/ode/src/odeou.h">
      <Filter>ode/src</Filter>
    </ClInclude>
    <ClInclude Include="external/ODE/ode/src/odetls.h">
      <Filter>ode/src</Filter>
    </ClInclude>
    <ClInclude Include="external/ODE/ode/src/quickstep.h">
      <Filter>ode/src</Filter>
    </ClInclude>
    <ClInclude Include="external/ODE/ode/src/step.h">
      <Filter>ode/src</Filter>
    </ClInclude>
    <ClInclude Include="external/ODE/ode/src/testing.h">
      <Filter>ode/src</Filter>
    </ClInclude>
    <ClInclude Include="external/ODE/ode/src/util.h">
      <Filter>ode/src</Filter>
    </ClInclude>
    <ClInclude Include="external/ODE/ode/src/joints/amotor.h">
      <Filter>ode/src/joints</Filter>
    </ClInclude>
    <ClInclude Include="external/ODE/ode/src/joints/ball.h">
      <Filter>ode/src/joints</Filter>
    </ClInclude>
    <ClInclude Include="external/ODE/ode/src/joints/contact.h">
      <Filter>ode/src/joints</Filter>
    </ClInclude>
    <ClInclude Include="external/ODE/ode/src/joints/fixed.h">
      <Filter>ode/src/joints</Filter>
    </ClInclude>
    <ClInclude Include="external/ODE/ode/src/joints/hinge.h">
      <Filter>ode/src/joints</Filter>
    </ClInclude>
    <ClInclude Include="external/ODE/ode/src/joints/hinge2.h">
      <Filter>ode/src/joints</Filter>
    </ClInclude>
    <ClInclude Include="external/ODE/ode/src/joints/joint.h">
      <Filter>ode/src/joints</Filter>
    </ClInclude>
    <ClInclude Include="external/ODE/ode/src/joints/joint_internal.h">
      <Filter>ode/src/joints</Filter>
    </ClInclude>
    <ClInclude Include="external/ODE/ode/src/joints/joints.h">
      <Filter>ode/src/joints</Filter>
    </ClInclude>
    <ClInclude Include="external/ODE/ode/src/joints/lmotor.h">
      <Filter>ode/src/joints</Filter>
    </ClInclude>
    <ClInclude Include="external/ODE/ode/src/joints/null.h">
      <Filter>ode/src/joints</Filter>
    </ClInclude>
    <ClInclude Include="external/ODE/ode/src/joints/piston.h">
      <Filter>ode/src/joints</Filter>
    </ClInclude>
    <ClInclude Include="external/ODE/ode/src/joints/plane2d.h">
      <Filter>ode/src/joints</Filter>
    </ClInclude>
    <ClInclude Include="external/ODE/ode/src/joints/pr.h">
      <Filter>ode/src/joints</Filter>
    </ClInclude>
    <ClInclude Include="external/ODE/ode/src/joints/pu.h">
      <Filter>ode/src/joints</Filter>
    </ClInclude>
    <ClInclude Include="external/ODE/ode/src/joints/slider.h">
      <Filter>ode/src/joints</Filter>
    </ClInclude>
    <ClInclude Include="external/ODE/ode/src/joints/universal.h">
      <Filter>ode/src/joints</Filter>
    </ClInclude>
    <ClInclude Include="external/ODE/OPCODE/OPC_AABBCollider.h">
      <Filter>OPCODE</Filter>
    </ClInclude>
    <ClInclude Include="external/ODE/OPCODE/OPC_AABBTree.h">
      <Filter>OPCODE</Filter>
    </ClInclude>
    <ClInclude Include="external/ODE/OPCODE/OPC_BaseModel.h">
      <Filter>OPCODE</Filter>
    </ClInclude>
    <ClInclude Include="external/ODE/OPCODE/OPC_BoxBoxOverlap.h">
      <Filter>OPCODE</Filter>
    </ClInclude>
    <ClInclude Include="external/ODE/OPCODE/OPC_Collider.h">
      <Filter>OPCODE</Filter>
    </ClInclude>
    <ClInclude Include="external/ODE/OPCODE/OPC_Common.h">
      <Filter>OPCODE</Filter>
    </ClInclude>
    <ClInclude Include="external/ODE/OPCODE/OPC_HybridModel.h">
      <Filter>OPCODE</Filter>
    </ClInclude>
    <ClInclude Include="external/ODE/OPCODE/OPC_IceHook.h">
      <Filter>OPCODE</Filter>
    </ClInclude>
    <ClInclude Include="external/ODE/OPCODE/OPC_LSSAABBOverlap.h">
      <Filter>OPCODE</Filter>
    </ClInclude>
    <ClInclude Include="external/ODE/OPCODE/OPC_LSSCollider.h">
      <Filter>OPCODE</Filter>
    </ClInclude>
    <ClInclude Include="external/ODE/OPCODE/OPC_LSSTriOverlap.h">
      <Filter>OPCODE</Filter>
    </ClInclude>
    <ClInclude Include="external/ODE/OPCODE/OPC_MeshInterface.h">
      <Filter>OPCODE</Filter>
    </ClInclude>
    <ClInclude Include="external/ODE/OPCODE/OPC_Model.h">
      <Filter>OPCODE</Filter>
    </ClInclude>
    <ClInclude Include="external/ODE/OPCODE/OPC_OBBCollider.h">
      <Filter>OPCODE</Filter>
    </ClInclude>
    <ClInclude Include="external/ODE/OPCODE/OPC_OptimizedTree.h">
      <Filter>OPCODE</Filter>
    </ClInclude>
    <ClInclude Include="external/ODE/OPCODE/OPC_Picking.h">
      <Filter>OPCODE</Filter>
    </ClInclude>
    <ClInclude Include="external/ODE/OPCODE/OPC_PlanesAABBOverlap.h">
      <Filter>OPCODE</Filter>
    </ClInclude>
    <ClInclude Include="external/ODE/OPCODE/OPC_PlanesCollider.h">
      <Filter>OPCODE</Filter>
    </ClInclude>
    <ClInclude Include="external/ODE/OPCODE/OPC_PlanesTriOverlap.h">
      <Filter>OPCODE</Filter>
    </ClInclude>
    <ClInclude Include="external/ODE/OPCODE/OPC_RayAABBOverlap.h">
      <Filter>OPCODE</Filter>
    </ClInclude>
    <ClInclude Include="external/ODE/OPCODE/OPC_RayCollider.h">
      <Filter>OPCODE</Filter>
    </ClInclude>
    <ClInclude Include="external/ODE/OPCODE/OPC_RayTriOverlap.h">
      <Filter>OPCODE</Filter>
    </ClInclude>
    <ClInclude Include="external/ODE/OPCODE/OPC_Settings.h">
      <Filter>OPCODE</Filter>
    </ClInclude>
    <ClInclude Include="external/ODE/OPCODE/OPC_SphereAABBOverlap.h">
      <Filter>OPCODE</Filter>
    </ClInclude>
    <ClInclude Include="external/ODE/OPCODE/OPC_SphereCollider.h">
      <Filter>OPCODE</Filter>
    </ClInclude>
    <ClInclude Include="external/ODE/OPCODE/OPC_SphereTriOverlap.h">
      <Filter>OPCODE</Filter>
    </ClInclude>
    <ClInclude Include="external/ODE/OPCODE/OPC_TreeBuilders.h">
      <Filter>OPCODE</Filter>
    </ClInclude>
    <ClInclude Include="external/ODE/OPCODE/OPC_TreeCollider.h">
      <Filter>OPCODE</Filter>
    </ClInclude>
    <ClInclude Include="external/ODE/OPCODE/OPC_TriBoxOverlap.h">
      <Filter>OPCODE</Filter>
    </ClInclude>
    <ClInclude Include="external/ODE/OPCODE/OPC_TriTriOverlap.h">
      <Filter>OPCODE</Filter>
    </ClInclude>
    <ClInclude Include="external/ODE/OPCODE/OPC_VolumeCollider.h">
      <Filter>OPCODE</Filter>
    </ClInclude>
    <ClInclude Include="external/ODE/OPCODE/Opcode.h">
      <Filter>OPCODE</Filter>
    </ClInclude>
    <ClInclude Include="external/ODE/OPCODE/Stdafx.h">
      <Filter>OPCODE</Filter>
    </ClInclude>
    <ClInclude Include="external/ODE/OPCODE/Ice/IceAABB.h">
      <Filter>OPCODE/Ice</Filter>
    </ClInclude>
    <ClInclude Include="external/ODE/OPCODE/Ice/IceAxes.h">
      <Filter>OPCODE/Ice</Filter>
    </ClInclude>
    <ClInclude Include="external/ODE/OPCODE/Ice/IceBoundingSphere.h">
      <Filter>OPCODE/Ice</Filter>
    </ClInclude>
    <ClInclude Include="external/ODE/OPCODE/Ice/IceContainer.h">
      <Filter>OPCODE/Ice</Filter>
    </ClInclude>
    <ClInclude Include="external/ODE/OPCODE/Ice/IceFPU.h">
      <Filter>OPCODE/Ice</Filter>
    </ClInclude>
    <ClInclude Include="external/ODE/OPCODE/Ice/IceHPoint.h">
      <Filter>OPCODE/Ice</Filter>
    </ClInclude>
    <ClInclude Include="external/ODE/OPCODE/Ice/IceIndexedTriangle.h">
      <Filter>OPCODE/Ice</Filter>
    </ClInclude>
    <ClInclude Include="external/ODE/OPCODE/Ice/IceLSS.h">
      <Filter>OPCODE/Ice</Filter>
    </ClInclude>
    <ClInclude Include="external/ODE/OPCODE/Ice/IceMatrix3x3.h">
      <Filter>OPCODE/Ice</Filter>
    </ClInclude>
    <ClInclude Include="external/ODE/OPCODE/Ice/IceMatrix4x4.h">
      <Filter>OPCODE/Ice</Filter>
    </ClInclude>
    <ClInclude Include="external/ODE/OPCODE/Ice/IceMemoryMacros.h">
      <Filter>OPCODE/Ice</Filter>
    </ClInclude>
    <ClInclude Include="external/ODE/OPCODE/Ice/IceOBB.h">
      <Filter>OPCODE/Ice</Filter>
    </ClInclude>
    <ClInclude Include="external/ODE/OPCODE/Ice/IcePairs.h">
      <Filter>OPCODE/Ice</Filter>
    </ClInclude>
    <ClInclude Include="external/ODE/OPCODE/Ice/IcePlane.h">
      <Filter>OPCODE/Ice</Filter>
    </ClInclude>
    <ClInclude Include="external/ODE/OPCODE/Ice/IcePoint.h">
      <Filter>OPCODE/Ice</Filter>
    </ClInclude>
    <ClInclude Include="external/ODE/OPCODE/Ice/IcePreprocessor.h">
      <Filter>OPCODE/Ice</Filter>
    </ClInclude>
    <ClInclude Include="external/ODE/OPCODE/Ice/IceRandom.h">
      <Filter>OPCODE/Ice</Filter>
    </ClInclude>
    <ClInclude Include="external/ODE/OPCODE/Ice/IceRay.h">
      <Filter>OPCODE/Ice</Filter>
    </ClInclude>
    <ClInclude Include="external/ODE/OPCODE/Ice/IceRevisitedRadix.h">
      <Filter>OPCODE/Ice</Filter>
    </ClInclude>
    <ClInclude Include="external/ODE/OPCODE/Ice/IceSegment.h">
      <Filter>OPCODE/Ice</Filter>
    </ClInclude>
    <ClInclude Include="external/ODE/OPCODE/Ice/IceTriangle.h">
      <Filter>OPCODE/Ice</Filter>
    </ClInclude>
    <ClInclude Include="external/ODE/OPCODE/Ice/IceTriList.h">
      <Filter>OPCODE/Ice</Filter>
    </ClInclude>
    <ClInclude Include="external/ODE/OPCODE/Ice/IceTypes.h">
      <Filter>OPCODE/Ice</Filter>
    </ClInclude>
    <ClInclude Include="external/ODE/OPCODE/Ice/IceUtils.h">
      <Filter>OPCODE/Ice</Filter>
    </ClInclude>
    <ClInclude Include="src/CODEWorld.h">
      <Filter>Source Files</Filter>
    </ClInclude>
    <ClInclude Include="src/CODE.h">
      <Filter>Source Files</Filter>
    </ClInclude>
    <ClInclude Include="src/CODEGenericBody.h">
      <Filter>Source Files</Filter>
    </ClInclude>
  </ItemGroup>
</Project>