<?xml version="1.0" encoding="utf-8"?>
<Project ToolsVersion="4.0" xmlns="http://schemas.microsoft.com/developer/msbuild/2003">
  <ItemGroup>
    <ClCompile Include="external/V-REP/common/luaFunctionData.cpp" />
    <ClCompile Include="external/V-REP/common/luaFunctionDataItem.cpp" />
    <ClCompile Include="external/V-REP/common/v_repLib.cpp" />
    <ClCompile Include="src/v_repExtCHAI3D.cpp" />
  </ItemGroup>
  <ItemGroup>
    <ClInclude Include="external/V-REP/include/luaFunctionData.h" />
    <ClInclude Include="external/V-REP/include/luaFunctionDataItem.h" />
    <ClInclude Include="external/V-REP/include/v_repConst.h" />
    <ClInclude Include="external/V-REP/include/v_repLib.h" />
    <ClInclude Include="external/V-REP/include/v_repTypes.h" />
    <ClInclude Include="src/v_repExtCHAI3D.h" />
  </ItemGroup>
  <ItemGroup>
    <Filter Include="V-REP">
      <UniqueIdentifier>{294c9a8f-4b79-4999-9aa0-09e70863d82c}</UniqueIdentifier>
    </Filter>
    <Filter Include="V-REP/include">
      <UniqueIdentifier>{ef3179ac-6574-4071-8f7a-52dee229a85c}</UniqueIdentifier>
    </Filter>
    <Filter Include="V-REP/common">
      <UniqueIdentifier>{121e4023-c1a9-400e-a92b-9dc5d1eef8c8}</UniqueIdentifier>
    </Filter>
  </ItemGroup>
</Project>