
Microsoft Visual Studio Solution File, Format Version 12.00
# Visual Studio 14
VisualStudioVersion = 14.0.25420.1
MinimumVisualStudioVersion = 10.0.40219.1
Project("{8BC9CEB8-8B4A-11D0-8D11-00A0C91BC942}") = "CHAI3D-OCULUS", "CHAI3D-OCULUS-VS2015.vcxproj", "{013851C3-3FCE-48E6-A3FD-21019751F7C0}"
EndProject
Project("{8BC9CEB8-8B4A-11D0-8D11-00A0C91BC942}") = "CHAI3D", "..\..\CHAI3D-VS2015.vcxproj", "{A9F01342-5463-4634-B1F9-BF98CD5591B0}"
EndProject
Project("{8BC9CEB8-8B4A-11D0-8D11-00A0C91BC942}") = "CHAI3D-GEL", "..\GEL\CHAI3D-GEL-VS2015.vcxproj", "{FA3C5038-FB3D-499F-8CCA-410BCA3DD227}"
EndProject
Project("{8BC9CEB8-8B4A-11D0-8D11-00A0C91BC942}") = "CHAI3D-ODE", "..\ODE\CHAI3D-ODE-VS2015.vcxproj", "{36A3C28A-B798-4238-B1ED-A7A9B6E8817E}"
EndProject
Project("{8BC9CEB8-8B4A-11D0-8D11-00A0C91BC942}") = "glfw", "..\..\extras\GLFW\glfw-VS2015.vcxproj", "{71AF75A0-52B6-4C1B-8E56-CB31C6741A18}"
EndProject
Project("{8BC9CEB8-8B4A-11D0-8D11-00A0C91BC942}") = "01-oculus-cube", "examples\GLFW\01-oculus-cube\01-oculus-cube-VS2015.vcxproj", "{086F2F0F-219E-4506-8860-48181AEB99D2}"
	ProjectSection(ProjectDependencies) = postProject
		{A9F01342-5463-4634-B1F9-BF98CD5591B0} = {A9F01342-5463-4634-B1F9-BF98CD5591B0}
		{71AF75A0-52B6-4C1B-8E56-CB31C6741A18} = {71AF75A0-52B6-4C1B-8E56-CB31C6741A18}
		{013851C3-3FCE-48E6-A3FD-21019751F7C0} = {013851C3-3FCE-48E6-A3FD-21019751F7C0}
	EndProjectSection
EndProject
Project("{8BC9CEB8-8B4A-11D0-8D11-00A0C91BC942}") = "02-oculus-space", "examples\GLFW\02-oculus-space\02-oculus-space-VS2015.vcxproj", "{9053BB64-C296-42D4-9C40-4666118C6160}"
	ProjectSection(ProjectDependencies) = postProject
		{A9F01342-5463-4634-B1F9-BF98CD5591B0} = {A9F01342-5463-4634-B1F9-BF98CD5591B0}
		{71AF75A0-52B6-4C1B-8E56-CB31C6741A18} = {71AF75A0-52B6-4C1B-8E56-CB31C6741A18}
		{013851C3-3FCE-48E6-A3FD-21019751F7C0} = {013851C3-3FCE-48E6-A3FD-21019751F7C0}
	EndProjectSection
EndProject
Project("{8BC9CEB8-8B4A-11D0-8D11-00A0C91BC942}") = "03-oculus-exploration", "examples\GLFW\03-oculus-exploration\03-oculus-exploration-VS2015.vcxproj", "{12AFDCF7-6244-48BE-8B5B-5B34D144FF34}"
	ProjectSection(ProjectDependencies) = postProject
		{A9F01342-5463-4634-B1F9-BF98CD5591B0} = {A9F01342-5463-4634-B1F9-BF98CD5591B0}
		{36A3C28A-B798-4238-B1ED-A7A9B6E8817E} = {36A3C28A-B798-4238-B1ED-A7A9B6E8817E}
		{71AF75A0-52B6-4C1B-8E56-CB31C6741A18} = {71AF75A0-52B6-4C1B-8E56-CB31C6741A18}
		{013851C3-3FCE-48E6-A3FD-21019751F7C0} = {013851C3-3FCE-48E6-A3FD-21019751F7C0}
	EndProjectSection
EndProject
Project("{8BC9CEB8-8B4A-11D0-8D11-00A0C91BC942}") = "04-oculus-membrane", "examples\GLFW\04-oculus-membrane\04-oculus-membrane-VS2015.vcxproj", "{32A12607-5007-42D4-8A40-4856C43FACC7}"
	ProjectSection(ProjectDependencies) = postProject
		{FA3C5038-FB3D-499F-8CCA-410BCA3DD227} = {FA3C5038-FB3D-499F-8CCA-410BCA3DD227}
		{A9F01342-5463-4634-B1F9-BF98CD5591B0} = {A9F01342-5463-4634-B1F9-BF98CD5591B0}
		{71AF75A0-52B6-4C1B-8E56-CB31C6741A18} = {71AF75A0-52B6-4C1B-8E56-CB31C6741A18}
		{013851C3-3FCE-48E6-A3FD-21019751F7C0} = {013851C3-3FCE-48E6-A3FD-21019751F7C0}
	EndProjectSection
EndProject
Project("{8BC9CEB8-8B4A-11D0-8D11-00A0C91BC942}") = "06-oculus-object", "examples\GLFW\06-oculus-object\06-oculus-object-VS2015.vcxproj", "{E2991996-9DBA-4485-98D6-65240272D5CC}"
	ProjectSection(ProjectDependencies) = postProject
		{A9F01342-5463-4634-B1F9-BF98CD5591B0} = {A9F01342-5463-4634-B1F9-BF98CD5591B0}
		{71AF75A0-52B6-4C1B-8E56-CB31C6741A18} = {71AF75A0-52B6-4C1B-8E56-CB31C6741A18}
		{013851C3-3FCE-48E6-A3FD-21019751F7C0} = {013851C3-3FCE-48E6-A3FD-21019751F7C0}
	EndProjectSection
EndProject
Project("{8BC9CEB8-8B4A-11D0-8D11-00A0C91BC942}") = "07-oculus-clay", "examples\GLFW\07-oculus-clay\07-oculus-clay-VS2015.vcxproj", "{275250E7-DD81-4C81-A18B-628F1A97379C}"
	ProjectSection(ProjectDependencies) = postProject
		{A9F01342-5463-4634-B1F9-BF98CD5591B0} = {A9F01342-5463-4634-B1F9-BF98CD5591B0}
		{71AF75A0-52B6-4C1B-8E56-CB31C6741A18} = {71AF75A0-52B6-4C1B-8E56-CB31C6741A18}
		{013851C3-3FCE-48E6-A3FD-21019751F7C0} = {013851C3-3FCE-48E6-A3FD-21019751F7C0}
	EndProjectSection
EndProject
Project("{8BC9CEB8-8B4A-11D0-8D11-00A0C91BC942}") = "05-oculus-movie", "examples\GLFW\05-oculus-movie\05-oculus-movie-VS2015.vcxproj", "{18F4184C-E710-452D-827D-16797EC5CA07}"
	ProjectSection(ProjectDependencies) = postProject
		{A9F01342-5463-4634-B1F9-BF98CD5591B0} = {A9F01342-5463-4634-B1F9-BF98CD5591B0}
		{71AF75A0-52B6-4C1B-8E56-CB31C6741A18} = {71AF75A0-52B6-4C1B-8E56-CB31C6741A18}
		{013851C3-3FCE-48E6-A3FD-21019751F7C0} = {013851C3-3FCE-48E6-A3FD-21019751F7C0}
	EndProjectSection
EndProject
Global
	GlobalSection(SolutionConfigurationPlatforms) = preSolution
		Debug|Win32 = Debug|Win32
		Debug|x64 = Debug|x64
		Release|Win32 = Release|Win32
		Release|x64 = Release|x64
	EndGlobalSection
	GlobalSection(ProjectConfigurationPlatforms) = postSolution
		{013851C3-3FCE-48E6-A3FD-21019751F7C0}.Debug|Win32.ActiveCfg = Debug|Win32
		{013851C3-3FCE-48E6-A3FD-21019751F7C0}.Debug|Win32.Build.0 = Debug|Win32
		{013851C3-3FCE-48E6-A3FD-21019751F7C0}.Debug|x64.ActiveCfg = Debug|x64
		{013851C3-3FCE-48E6-A3FD-21019751F7C0}.Debug|x64.Build.0 = Debug|x64
		{013851C3-3FCE-48E6-A3FD-21019751F7C0}.Release|Win32.ActiveCfg = Release|Win32
		{013851C3-3FCE-48E6-A3FD-21019751F7C0}.Release|Win32.Build.0 = Release|Win32
		{013851C3-3FCE-48E6-A3FD-21019751F7C0}.Release|x64.ActiveCfg = Release|x64
		{013851C3-3FCE-48E6-A3FD-21019751F7C0}.Release|x64.Build.0 = Release|x64
		{A9F01342-5463-4634-B1F9-BF98CD5591B0}.Debug|Win32.ActiveCfg = Debug|Win32
		{A9F01342-5463-4634-B1F9-BF98CD5591B0}.Debug|Win32.Build.0 = Debug|Win32
		{A9F01342-5463-4634-B1F9-BF98CD5591B0}.Debug|x64.ActiveCfg = Debug|x64
		{A9F01342-5463-4634-B1F9-BF98CD5591B0}.Debug|x64.Build.0 = Debug|x64
		{A9F01342-5463-4634-B1F9-BF98CD5591B0}.Release|Win32.ActiveCfg = Release|Win32
		{A9F01342-5463-4634-B1F9-BF98CD5591B0}.Release|Win32.Build.0 = Release|Win32
		{A9F01342-5463-4634-B1F9-BF98CD5591B0}.Release|x64.ActiveCfg = Release|x64
		{A9F01342-5463-4634-B1F9-BF98CD5591B0}.Release|x64.Build.0 = Release|x64
		{FA3C5038-FB3D-499F-8CCA-410BCA3DD227}.Debug|Win32.ActiveCfg = Debug|Win32
		{FA3C5038-FB3D-499F-8CCA-410BCA3DD227}.Debug|Win32.Build.0 = Debug|Win32
		{FA3C5038-FB3D-499F-8CCA-410BCA3DD227}.Debug|x64.ActiveCfg = Debug|x64
		{FA3C5038-FB3D-499F-8CCA-410BCA3DD227}.Debug|x64.Build.0 = Debug|x64
		{FA3C5038-FB3D-499F-8CCA-410BCA3DD227}.Release|Win32.ActiveCfg = Release|Win32
		{FA3C5038-FB3D-499F-8CCA-410BCA3DD227}.Release|Win32.Build.0 = Release|Win32
		{FA3C5038-FB3D-499F-8CCA-410BCA3DD227}.Release|x64.ActiveCfg = Release|x64
		{FA3C5038-FB3D-499F-8CCA-410BCA3DD227}.Release|x64.Build.0 = Release|x64
		{36A3C28A-B798-4238-B1ED-A7A9B6E8817E}.Debug|Win32.ActiveCfg = Debug|Win32
		{36A3C28A-B798-4238-B1ED-A7A9B6E8817E}.Debug|Win32.Build.0 = Debug|Win32
		{36A3C28A-B798-4238-B1ED-A7A9B6E8817E}.Debug|x64.ActiveCfg = Debug|x64
		{36A3C28A-B798-4238-B1ED-A7A9B6E8817E}.Debug|x64.Build.0 = Debug|x64
		{36A3C28A-B798-4238-B1ED-A7A9B6E8817E}.Release|Win32.ActiveCfg = Release|Win32
		{36A3C28A-B798-4238-B1ED-A7A9B6E8817E}.Release|Win32.Build.0 = Release|Win32
		{36A3C28A-B798-4238-B1ED-A7A9B6E8817E}.Release|x64.ActiveCfg = Release|x64
		{36A3C28A-B798-4238-B1ED-A7A9B6E8817E}.Release|x64.Build.0 = Release|x64
		{71AF75A0-52B6-4C1B-8E56-CB31C6741A18}.Debug|Win32.ActiveCfg = Debug|Win32
		{71AF75A0-52B6-4C1B-8E56-CB31C6741A18}.Debug|Win32.Build.0 = Debug|Win32
		{71AF75A0-52B6-4C1B-8E56-CB31C6741A18}.Debug|x64.ActiveCfg = Debug|x64
		{71AF75A0-52B6-4C1B-8E56-CB31C6741A18}.Debug|x64.Build.0 = Debug|x64
		{71AF75A0-52B6-4C1B-8E56-CB31C6741A18}.Release|Win32.ActiveCfg = Release|Win32
		{71AF75A0-52B6-4C1B-8E56-CB31C6741A18}.Release|Win32.Build.0 = Release|Win32
		{71AF75A0-52B6-4C1B-8E56-CB31C6741A18}.Release|x64.ActiveCfg = Release|x64
		{71AF75A0-52B6-4C1B-8E56-CB31C6741A18}.Release|x64.Build.0 = Release|x64
		{086F2F0F-219E-4506-8860-48181AEB99D2}.Debug|Win32.ActiveCfg = Debug|Win32
		{086F2F0F-219E-4506-8860-48181AEB99D2}.Debug|Win32.Build.0 = Debug|Win32
		{086F2F0F-219E-4506-8860-48181AEB99D2}.Debug|x64.ActiveCfg = Debug|x64
		{086F2F0F-219E-4506-8860-48181AEB99D2}.Debug|x64.Build.0 = Debug|x64
		{086F2F0F-219E-4506-8860-48181AEB99D2}.Release|Win32.ActiveCfg = Release|Win32
		{086F2F0F-219E-4506-8860-48181AEB99D2}.Release|Win32.Build.0 = Release|Win32
		{086F2F0F-219E-4506-8860-48181AEB99D2}.Release|x64.ActiveCfg = Release|x64
		{086F2F0F-219E-4506-8860-48181AEB99D2}.Release|x64.Build.0 = Release|x64
		{9053BB64-C296-42D4-9C40-4666118C6160}.Debug|Win32.ActiveCfg = Debug|Win32
		{9053BB64-C296-42D4-9C40-4666118C6160}.Debug|Win32.Build.0 = Debug|Win32
		{9053BB64-C296-42D4-9C40-4666118C6160}.Debug|x64.ActiveCfg = Debug|x64
		{9053BB64-C296-42D4-9C40-4666118C6160}.Debug|x64.Build.0 = Debug|x64
		{9053BB64-C296-42D4-9C40-4666118C6160}.Release|Win32.ActiveCfg = Release|Win32
		{9053BB64-C296-42D4-9C40-4666118C6160}.Release|Win32.Build.0 = Release|Win32
		{9053BB64-C296-42D4-9C40-4666118C6160}.Release|x64.ActiveCfg = Release|x64
		{9053BB64-C296-42D4-9C40-4666118C6160}.Release|x64.Build.0 = Release|x64
		{12AFDCF7-6244-48BE-8B5B-5B34D144FF34}.Debug|Win32.ActiveCfg = Debug|Win32
		{12AFDCF7-6244-48BE-8B5B-5B34D144FF34}.Debug|Win32.Build.0 = Debug|Win32
		{12AFDCF7-6244-48BE-8B5B-5B34D144FF34}.Debug|x64.ActiveCfg = Debug|x64
		{12AFDCF7-6244-48BE-8B5B-5B34D144FF34}.Debug|x64.Build.0 = Debug|x64
		{12AFDCF7-6244-48BE-8B5B-5B34D144FF34}.Release|Win32.ActiveCfg = Release|Win32
		{12AFDCF7-6244-48BE-8B5B-5B34D144FF34}.Release|Win32.Build.0 = Release|Win32
		{12AFDCF7-6244-48BE-8B5B-5B34D144FF34}.Release|x64.ActiveCfg = Release|x64
		{12AFDCF7-6244-48BE-8B5B-5B34D144FF34}.Release|x64.Build.0 = Release|x64
		{32A12607-5007-42D4-8A40-4856C43FACC7}.Debug|Win32.ActiveCfg = Debug|Win32
		{32A12607-5007-42D4-8A40-4856C43FACC7}.Debug|Win32.Build.0 = Debug|Win32
		{32A12607-5007-42D4-8A40-4856C43FACC7}.Debug|x64.ActiveCfg = Debug|x64
		{32A12607-5007-42D4-8A40-4856C43FACC7}.Debug|x64.Build.0 = Debug|x64
		{32A12607-5007-42D4-8A40-4856C43FACC7}.Release|Win32.ActiveCfg = Release|Win32
		{32A12607-5007-42D4-8A40-4856C43FACC7}.Release|Win32.Build.0 = Release|Win32
		{32A12607-5007-42D4-8A40-4856C43FACC7}.Release|x64.ActiveCfg = Release|x64
		{32A12607-5007-42D4-8A40-4856C43FACC7}.Release|x64.Build.0 = Release|x64
		{E2991996-9DBA-4485-98D6-65240272D5CC}.Debug|Win32.ActiveCfg = Debug|Win32
		{E2991996-9DBA-4485-98D6-65240272D5CC}.Debug|Win32.Build.0 = Debug|Win32
		{E2991996-9DBA-4485-98D6-65240272D5CC}.Debug|x64.ActiveCfg = Debug|x64
		{E2991996-9DBA-4485-98D6-65240272D5CC}.Debug|x64.Build.0 = Debug|x64
		{E2991996-9DBA-4485-98D6-65240272D5CC}.Release|Win32.ActiveCfg = Release|Win32
		{E2991996-9DBA-4485-98D6-65240272D5CC}.Release|Win32.Build.0 = Release|Win32
		{E2991996-9DBA-4485-98D6-65240272D5CC}.Release|x64.ActiveCfg = Release|x64
		{E2991996-9DBA-4485-98D6-65240272D5CC}.Release|x64.Build.0 = Release|x64
		{275250E7-DD81-4C81-A18B-628F1A97379C}.Debug|Win32.ActiveCfg = Debug|Win32
		{275250E7-DD81-4C81-A18B-628F1A97379C}.Debug|Win32.Build.0 = Debug|Win32
		{275250E7-DD81-4C81-A18B-628F1A97379C}.Debug|x64.ActiveCfg = Debug|x64
		{275250E7-DD81-4C81-A18B-628F1A97379C}.Debug|x64.Build.0 = Debug|x64
		{275250E7-DD81-4C81-A18B-628F1A97379C}.Release|Win32.ActiveCfg = Release|Win32
		{275250E7-DD81-4C81-A18B-628F1A97379C}.Release|Win32.Build.0 = Release|Win32
		{275250E7-DD81-4C81-A18B-628F1A97379C}.Release|x64.ActiveCfg = Release|x64
		{275250E7-DD81-4C81-A18B-628F1A97379C}.Release|x64.Build.0 = Release|x64
		{18F4184C-E710-452D-827D-16797EC5CA07}.Debug|Win32.ActiveCfg = Debug|Win32
		{18F4184C-E710-452D-827D-16797EC5CA07}.Debug|Win32.Build.0 = Debug|Win32
		{18F4184C-E710-452D-827D-16797EC5CA07}.Debug|x64.ActiveCfg = Debug|x64
		{18F4184C-E710-452D-827D-16797EC5CA07}.Debug|x64.Build.0 = Debug|x64
		{18F4184C-E710-452D-827D-16797EC5CA07}.Release|Win32.ActiveCfg = Release|Win32
		{18F4184C-E710-452D-827D-16797EC5CA07}.Release|Win32.Build.0 = Release|Win32
		{18F4184C-E710-452D-827D-16797EC5CA07}.Release|x64.ActiveCfg = Release|x64
		{18F4184C-E710-452D-827D-16797EC5CA07}.Release|x64.Build.0 = Release|x64
	EndGlobalSection
	GlobalSection(SolutionProperties) = preSolution
		HideSolutionNode = FALSE
	EndGlobalSection
EndGlobal
