<?xml version="1.0" encoding="utf-8"?>
<Project ToolsVersion="4.0" xmlns="http://schemas.microsoft.com/developer/msbuild/2003">
  <ItemGroup>
    <Filter Include="Source Files">
      <UniqueIdentifier>{4FC737F1-C7A5-4376-A066-2A32D752A2FF}</UniqueIdentifier>
      <Extensions>cpp;c;cxx;def;odl;idl;hpj;bat;asm;asmx</Extensions>
    </Filter>
    <Filter Include="Resource Files">
      <UniqueIdentifier>{67DA6AB6-F800-4c08-8B7A-83BB121AAD01}</UniqueIdentifier>
      <Extensions>rc;ico;cur;bmp;dlg;rc2;rct;bin;rgs;gif;jpg;jpeg;jpe;resx</Extensions>
    </Filter>
    <Filter Include="Source Files\LibOVR">
      <UniqueIdentifier>{5ebbe918-7481-4a86-a9d4-53ea11e07c9a}</UniqueIdentifier>
    </Filter>
    <Filter Include="Source Files\LibOVRKernel">
      <UniqueIdentifier>{36cfc1a3-30b8-4d24-8f4e-eda8c72c8499}</UniqueIdentifier>
    </Filter>
    <Filter Include="Source Files\LibOVRKernel\kernel">
      <UniqueIdentifier>{0abe4e5e-2a80-4047-9197-a220c458de90}</UniqueIdentifier>
    </Filter>
    <Filter Include="Source Files\LibOVRKernel\GL">
      <UniqueIdentifier>{db7aaa88-aca7-4d47-9328-3721a8f778ea}</UniqueIdentifier>
    </Filter>
  </ItemGroup>
  <ItemGroup>
    <ClCompile Include="src\COculusDevice.cpp">
      <Filter>Source Files</Filter>
    </ClCompile>
    <ClCompile Include="src\COculusRenderContext.cpp">
      <Filter>Source Files</Filter>
    </ClCompile>
    <ClCompile Include="external\oculusSDK\LibOVR\Src\OVR_CAPI_Util.cpp">
      <Filter>Source Files\LibOVR</Filter>
    </ClCompile>
    <ClCompile Include="external\oculusSDK\LibOVR\Src\OVR_CAPIShim.c">
      <Filter>Source Files\LibOVR</Filter>
    </ClCompile>
    <ClCompile Include="external\oculusSDK\LibOVR\Src\OVR_StereoProjection.cpp">
      <Filter>Source Files\LibOVR</Filter>
    </ClCompile>
    <ClCompile Include="external\oculusSDK\LibOVRKernel\Src\Kernel\OVR_Alg.cpp">
      <Filter>Source Files\LibOVRKernel\kernel</Filter>
    </ClCompile>
    <ClCompile Include="external\oculusSDK\LibOVRKernel\Src\Kernel\OVR_Allocator.cpp">
      <Filter>Source Files\LibOVRKernel\kernel</Filter>
    </ClCompile>
    <ClCompile Include="external\oculusSDK\LibOVRKernel\Src\Kernel\OVR_Atomic.cpp">
      <Filter>Source Files\LibOVRKernel\kernel</Filter>
    </ClCompile>
    <ClCompile Include="external\oculusSDK\LibOVRKernel\Src\Kernel\OVR_Callbacks.cpp">
      <Filter>Source Files\LibOVRKernel\kernel</Filter>
    </ClCompile>
    <ClCompile Include="external\oculusSDK\LibOVRKernel\Src\Kernel\OVR_CRC32.cpp">
      <Filter>Source Files\LibOVRKernel\kernel</Filter>
    </ClCompile>
    <ClCompile Include="external\oculusSDK\LibOVRKernel\Src\Kernel\OVR_DebugHelp.cpp">
      <Filter>Source Files\LibOVRKernel\kernel</Filter>
    </ClCompile>
    <ClCompile Include="external\oculusSDK\LibOVRKernel\Src\Kernel\OVR_Error.cpp">
      <Filter>Source Files\LibOVRKernel\kernel</Filter>
    </ClCompile>
    <ClCompile Include="external\oculusSDK\LibOVRKernel\Src\Kernel\OVR_File.cpp">
      <Filter>Source Files\LibOVRKernel\kernel</Filter>
    </ClCompile>
    <ClCompile Include="external\oculusSDK\LibOVRKernel\Src\Kernel\OVR_FileFILE.cpp">
      <Filter>Source Files\LibOVRKernel\kernel</Filter>
    </ClCompile>
    <ClCompile Include="external\oculusSDK\LibOVRKernel\Src\Kernel\OVR_JSON.cpp">
      <Filter>Source Files\LibOVRKernel\kernel</Filter>
    </ClCompile>
    <ClCompile Include="external\oculusSDK\LibOVRKernel\Src\Kernel\OVR_Lockless.cpp">
      <Filter>Source Files\LibOVRKernel\kernel</Filter>
    </ClCompile>
    <ClCompile Include="external\oculusSDK\LibOVRKernel\Src\Kernel\OVR_Log.cpp">
      <Filter>Source Files\LibOVRKernel\kernel</Filter>
    </ClCompile>
    <ClCompile Include="external\oculusSDK\LibOVRKernel\Src\Kernel\OVR_mach_exc_OSX.c">
      <Filter>Source Files\LibOVRKernel\kernel</Filter>
    </ClCompile>
    <ClCompile Include="external\oculusSDK\LibOVRKernel\Src\Kernel\OVR_Rand.cpp">
      <Filter>Source Files\LibOVRKernel\kernel</Filter>
    </ClCompile>
    <ClCompile Include="external\oculusSDK\LibOVRKernel\Src\Kernel\OVR_RefCount.cpp">
      <Filter>Source Files\LibOVRKernel\kernel</Filter>
    </ClCompile>
    <ClCompile Include="external\oculusSDK\LibOVRKernel\Src\Kernel\OVR_SharedMemory.cpp">
      <Filter>Source Files\LibOVRKernel\kernel</Filter>
    </ClCompile>
    <ClCompile Include="external\oculusSDK\LibOVRKernel\Src\Kernel\OVR_Std.cpp">
      <Filter>Source Files\LibOVRKernel\kernel</Filter>
    </ClCompile>
    <ClCompile Include="external\oculusSDK\LibOVRKernel\Src\Kernel\OVR_String.cpp">
      <Filter>Source Files\LibOVRKernel\kernel</Filter>
    </ClCompile>
    <ClCompile Include="external\oculusSDK\LibOVRKernel\Src\Kernel\OVR_String_FormatUtil.cpp">
      <Filter>Source Files\LibOVRKernel\kernel</Filter>
    </ClCompile>
    <ClCompile Include="external\oculusSDK\LibOVRKernel\Src\Kernel\OVR_String_PathUtil.cpp">
      <Filter>Source Files\LibOVRKernel\kernel</Filter>
    </ClCompile>
    <ClCompile Include="external\oculusSDK\LibOVRKernel\Src\Kernel\OVR_SysFile.cpp">
      <Filter>Source Files\LibOVRKernel\kernel</Filter>
    </ClCompile>
    <ClCompile Include="external\oculusSDK\LibOVRKernel\Src\Kernel\OVR_System.cpp">
      <Filter>Source Files\LibOVRKernel\kernel</Filter>
    </ClCompile>
    <ClCompile Include="external\oculusSDK\LibOVRKernel\Src\Kernel\OVR_ThreadCommandQueue.cpp">
      <Filter>Source Files\LibOVRKernel\kernel</Filter>
    </ClCompile>
    <ClCompile Include="external\oculusSDK\LibOVRKernel\Src\Kernel\OVR_ThreadsPthread.cpp">
      <Filter>Source Files\LibOVRKernel\kernel</Filter>
    </ClCompile>
    <ClCompile Include="external\oculusSDK\LibOVRKernel\Src\Kernel\OVR_ThreadsWinAPI.cpp">
      <Filter>Source Files\LibOVRKernel\kernel</Filter>
    </ClCompile>
    <ClCompile Include="external\oculusSDK\LibOVRKernel\Src\Kernel\OVR_Timer.cpp">
      <Filter>Source Files\LibOVRKernel\kernel</Filter>
    </ClCompile>
    <ClCompile Include="external\oculusSDK\LibOVRKernel\Src\Kernel\OVR_UTF8Util.cpp">
      <Filter>Source Files\LibOVRKernel\kernel</Filter>
    </ClCompile>
    <ClCompile Include="external\oculusSDK\LibOVRKernel\Src\GL\CAPI_GLE.cpp">
      <Filter>Source Files\LibOVRKernel\GL</Filter>
    </ClCompile>
  </ItemGroup>
  <ItemGroup>
    <ClInclude Include="src\COculusDevice.h">
      <Filter>Source Files</Filter>
    </ClInclude>
    <ClInclude Include="src\COculusRenderContext.h">
      <Filter>Source Files</Filter>
    </ClInclude>
    <ClInclude Include="src\COculus.h">
      <Filter>Source Files</Filter>
    </ClInclude>
    <ClInclude Include="external\oculusSDK\LibOVR\Src\OVR_CAPI_Prototypes.h">
      <Filter>Source Files\LibOVR</Filter>
    </ClInclude>
    <ClInclude Include="external\oculusSDK\LibOVRKernel\Src\Kernel\OVR_CallbacksInternal.h">
      <Filter>Source Files\LibOVRKernel\kernel</Filter>
    </ClInclude>
    <ClInclude Include="external\oculusSDK\LibOVRKernel\Src\Kernel\OVR_Callbacks.h">
      <Filter>Source Files\LibOVRKernel\kernel</Filter>
    </ClInclude>
    <ClInclude Include="external\oculusSDK\LibOVRKernel\Src\Kernel\OVR_Alg.h">
      <Filter>Source Files\LibOVRKernel\kernel</Filter>
    </ClInclude>
    <ClInclude Include="external\oculusSDK\LibOVRKernel\Src\Kernel\OVR_Allocator.h">
      <Filter>Source Files\LibOVRKernel\kernel</Filter>
    </ClInclude>
    <ClInclude Include="external\oculusSDK\LibOVRKernel\Src\Kernel\OVR_Array.h">
      <Filter>Source Files\LibOVRKernel\kernel</Filter>
    </ClInclude>
    <ClInclude Include="external\oculusSDK\LibOVRKernel\Src\Kernel\OVR_Atomic.h">
      <Filter>Source Files\LibOVRKernel\kernel</Filter>
    </ClInclude>
    <ClInclude Include="external\oculusSDK\LibOVRKernel\Src\Kernel\OVR_Color.h">
      <Filter>Source Files\LibOVRKernel\kernel</Filter>
    </ClInclude>
    <ClInclude Include="external\oculusSDK\LibOVRKernel\Src\Kernel\OVR_Compiler.h">
      <Filter>Source Files\LibOVRKernel\kernel</Filter>
    </ClInclude>
    <ClInclude Include="external\oculusSDK\LibOVRKernel\Src\Kernel\OVR_ContainerAllocator.h">
      <Filter>Source Files\LibOVRKernel\kernel</Filter>
    </ClInclude>
    <ClInclude Include="external\oculusSDK\LibOVRKernel\Src\Kernel\OVR_CRC32.h">
      <Filter>Source Files\LibOVRKernel\kernel</Filter>
    </ClInclude>
    <ClInclude Include="external\oculusSDK\LibOVRKernel\Src\Kernel\OVR_DebugHelp.h">
      <Filter>Source Files\LibOVRKernel\kernel</Filter>
    </ClInclude>
    <ClInclude Include="external\oculusSDK\LibOVRKernel\Src\Kernel\OVR_Delegates.h">
      <Filter>Source Files\LibOVRKernel\kernel</Filter>
    </ClInclude>
    <ClInclude Include="external\oculusSDK\LibOVRKernel\Src\Kernel\OVR_Deque.h">
      <Filter>Source Files\LibOVRKernel\kernel</Filter>
    </ClInclude>
    <ClInclude Include="external\oculusSDK\LibOVRKernel\Src\Kernel\OVR_Error.h">
      <Filter>Source Files\LibOVRKernel\kernel</Filter>
    </ClInclude>
    <ClInclude Include="external\oculusSDK\LibOVRKernel\Src\Kernel\OVR_File.h">
      <Filter>Source Files\LibOVRKernel\kernel</Filter>
    </ClInclude>
    <ClInclude Include="external\oculusSDK\LibOVRKernel\Src\Kernel\OVR_Hash.h">
      <Filter>Source Files\LibOVRKernel\kernel</Filter>
    </ClInclude>
    <ClInclude Include="external\oculusSDK\LibOVRKernel\Src\Kernel\OVR_JSON.h">
      <Filter>Source Files\LibOVRKernel\kernel</Filter>
    </ClInclude>
    <ClInclude Include="external\oculusSDK\LibOVRKernel\Src\Kernel\OVR_KeyCodes.h">
      <Filter>Source Files\LibOVRKernel\kernel</Filter>
    </ClInclude>
    <ClInclude Include="external\oculusSDK\LibOVRKernel\Src\Kernel\OVR_List.h">
      <Filter>Source Files\LibOVRKernel\kernel</Filter>
    </ClInclude>
    <ClInclude Include="external\oculusSDK\LibOVRKernel\Src\Kernel\OVR_Lockless.h">
      <Filter>Source Files\LibOVRKernel\kernel</Filter>
    </ClInclude>
    <ClInclude Include="external\oculusSDK\LibOVRKernel\Src\Kernel\OVR_Log.h">
      <Filter>Source Files\LibOVRKernel\kernel</Filter>
    </ClInclude>
    <ClInclude Include="external\oculusSDK\LibOVRKernel\Src\Kernel\OVR_mach_exc_OSX.h">
      <Filter>Source Files\LibOVRKernel\kernel</Filter>
    </ClInclude>
    <ClInclude Include="external\oculusSDK\LibOVRKernel\Src\Kernel\OVR_Nullptr.h">
      <Filter>Source Files\LibOVRKernel\kernel</Filter>
    </ClInclude>
    <ClInclude Include="external\oculusSDK\LibOVRKernel\Src\Kernel\OVR_Rand.h">
      <Filter>Source Files\LibOVRKernel\kernel</Filter>
    </ClInclude>
    <ClInclude Include="external\oculusSDK\LibOVRKernel\Src\Kernel\OVR_RefCount.h">
      <Filter>Source Files\LibOVRKernel\kernel</Filter>
    </ClInclude>
    <ClInclude Include="external\oculusSDK\LibOVRKernel\Src\Kernel\OVR_SharedMemory.h">
      <Filter>Source Files\LibOVRKernel\kernel</Filter>
    </ClInclude>
    <ClInclude Include="external\oculusSDK\LibOVRKernel\Src\Kernel\OVR_Std.h">
      <Filter>Source Files\LibOVRKernel\kernel</Filter>
    </ClInclude>
    <ClInclude Include="external\oculusSDK\LibOVRKernel\Src\Kernel\OVR_String.h">
      <Filter>Source Files\LibOVRKernel\kernel</Filter>
    </ClInclude>
    <ClInclude Include="external\oculusSDK\LibOVRKernel\Src\Kernel\OVR_StringHash.h">
      <Filter>Source Files\LibOVRKernel\kernel</Filter>
    </ClInclude>
    <ClInclude Include="external\oculusSDK\LibOVRKernel\Src\Kernel\OVR_SysFile.h">
      <Filter>Source Files\LibOVRKernel\kernel</Filter>
    </ClInclude>
    <ClInclude Include="external\oculusSDK\LibOVRKernel\Src\Kernel\OVR_System.h">
      <Filter>Source Files\LibOVRKernel\kernel</Filter>
    </ClInclude>
    <ClInclude Include="external\oculusSDK\LibOVRKernel\Src\Kernel\OVR_ThreadCommandQueue.h">
      <Filter>Source Files\LibOVRKernel\kernel</Filter>
    </ClInclude>
    <ClInclude Include="external\oculusSDK\LibOVRKernel\Src\Kernel\OVR_Threads.h">
      <Filter>Source Files\LibOVRKernel\kernel</Filter>
    </ClInclude>
    <ClInclude Include="external\oculusSDK\LibOVRKernel\Src\Kernel\OVR_Timer.h">
      <Filter>Source Files\LibOVRKernel\kernel</Filter>
    </ClInclude>
    <ClInclude Include="external\oculusSDK\LibOVRKernel\Src\Kernel\OVR_Types.h">
      <Filter>Source Files\LibOVRKernel\kernel</Filter>
    </ClInclude>
    <ClInclude Include="external\oculusSDK\LibOVRKernel\Src\Kernel\OVR_UTF8Util.h">
      <Filter>Source Files\LibOVRKernel\kernel</Filter>
    </ClInclude>
    <ClInclude Include="external\oculusSDK\LibOVRKernel\Src\Kernel\OVR_Win32_IncludeWindows.h">
      <Filter>Source Files\LibOVRKernel\kernel</Filter>
    </ClInclude>
    <ClInclude Include="external\oculusSDK\LibOVRKernel\Src\Kernel\WindowsAFunctions.h">
      <Filter>Source Files\LibOVRKernel\kernel</Filter>
    </ClInclude>
    <ClInclude Include="external\oculusSDK\LibOVRKernel\Src\GL\CAPI_GLE_GL.h">
      <Filter>Source Files\LibOVRKernel\GL</Filter>
    </ClInclude>
    <ClInclude Include="external\oculusSDK\LibOVRKernel\Src\GL\CAPI_GLE.h">
      <Filter>Source Files\LibOVRKernel\GL</Filter>
    </ClInclude>
  </ItemGroup>
  <ItemGroup>
    <None Include="external\oculusSDK\LibOVRKernel\Src\Kernel\OVR_NewOverride.inl">
      <Filter>Source Files\LibOVRKernel\kernel</Filter>
    </None>
  </ItemGroup>
</Project>