// !$*UTF8*$!
{
	archiveVersion = 1;
	classes = {
	};
	objectVersion = 46;
	objects = {

/* Begin PBXBuildFile section */
		96335A25150076CD00B79F20 /* CODE.h in Headers */ = {isa = PBXBuildFile; fileRef = 96335A20150076CD00B79F20 /* CODE.h */; };
		96335A26150076CD00B79F20 /* CODEGenericBody.cpp in Sources */ = {isa = PBXBuildFile; fileRef = 96335A21150076CD00B79F20 /* CODEGenericBody.cpp */; };
		96335A27150076CD00B79F20 /* CODEGenericBody.h in Headers */ = {isa = PBXBuildFile; fileRef = 96335A22150076CD00B79F20 /* CODEGenericBody.h */; };
		96335A28150076CD00B79F20 /* CODEWorld.cpp in Sources */ = {isa = PBXBuildFile; fileRef = 96335A23150076CD00B79F20 /* CODEWorld.cpp */; };
		96335A29150076CD00B79F20 /* CODEWorld.h in Headers */ = {isa = PBXBuildFile; fileRef = 96335A24150076CD00B79F20 /* CODEWorld.h */; };
		963E34FB1552331000D411C1 /* libode.a in Frameworks */ = {isa = PBXBuildFile; fileRef = 963E34F7155232F200D411C1 /* libode.a */; };
/* End PBXBuildFile section */

/* Begin PBXContainerItemProxy section */
		963E34F6155232F200D411C1 /* PBXContainerItemProxy */ = {
			isa = PBXContainerItemProxy;
			containerPortal = 963E34F2155232F100D411C1 /* ODE.xcodeproj */;
			proxyType = 2;
			remoteGlobalIDString = 96FF33040FBD2C2800F259B8;
			remoteInfo = libode;
		};
		963E34F91552330A00D411C1 /* PBXContainerItemProxy */ = {
			isa = PBXContainerItemProxy;
			containerPortal = 963E34F2155232F100D411C1 /* ODE.xcodeproj */;
			proxyType = 1;
			remoteGlobalIDString = 96FF33030FBD2C2800F259B8;
			remoteInfo = libode;
		};
/* End PBXContainerItemProxy section */

/* Begin PBXFileReference section */
		96335A20150076CD00B79F20 /* CODE.h */ = {isa = PBXFileReference; fileEncoding = 4; lastKnownFileType = sourcecode.c.h; name = CODE.h; path = src/CODE.h; sourceTree = "<group>"; };
		96335A21150076CD00B79F20 /* CODEGenericBody.cpp */ = {isa = PBXFileReference; fileEncoding = 4; lastKnownFileType = sourcecode.cpp.cpp; name = CODEGenericBody.cpp; path = src/CODEGenericBody.cpp; sourceTree = "<group>"; };
		96335A22150076CD00B79F20 /* CODEGenericBody.h */ = {isa = PBXFileReference; fileEncoding = 4; lastKnownFileType = sourcecode.c.h; name = CODEGenericBody.h; path = src/CODEGenericBody.h; sourceTree = "<group>"; };
		96335A23150076CD00B79F20 /* CODEWorld.cpp */ = {isa = PBXFileReference; fileEncoding = 4; lastKnownFileType = sourcecode.cpp.cpp; name = CODEWorld.cpp; path = src/CODEWorld.cpp; sourceTree = "<group>"; };
		96335A24150076CD00B79F20 /* CODEWorld.h */ = {isa = PBXFileReference; fileEncoding = 4; lastKnownFileType = sourcecode.c.h; name = CODEWorld.h; path = src/CODEWorld.h; sourceTree = "<group>"; };
		963E34F2155232F100D411C1 /* ODE.xcodeproj */ = {isa = PBXFileReference; lastKnownFileType = "wrapper.pb-project"; name = ODE.xcodeproj; path = external/ODE/ODE.xcodeproj; sourceTree = "<group>"; };
		D2AAC046055464E500DB518D /* libchai3d-ODE.a */ = {isa = PBXFileReference; explicitFileType = archive.ar; includeInIndex = 0; path = "libchai3d-ODE.a"; sourceTree = BUILT_PRODUCTS_DIR; };
/* End PBXFileReference section */

/* Begin PBXFrameworksBuildPhase section */
		D289987405E68DCB004EDB86 /* Frameworks */ = {
			isa = PBXFrameworksBuildPhase;
			buildActionMask = 2147483647;
			files = (
				963E34FB1552331000D411C1 /* libode.a in Frameworks */,
			);
			runOnlyForDeploymentPostprocessing = 0;
		};
/* End PBXFrameworksBuildPhase section */

/* Begin PBXGroup section */
		08FB7794FE84155DC02AAC07 /* chai3d-ODE */ = {
			isa = PBXGroup;
			children = (
				963E34F8155232F800D411C1 /* External */,
				08FB7795FE84155DC02AAC07 /* Source */,
				1AB674ADFE9D54B511CA2CBB /* Products */,
			);
			name = "chai3d-ODE";
			sourceTree = "<group>";
			wrapsLines = 0;
		};
		08FB7795FE84155DC02AAC07 /* Source */ = {
			isa = PBXGroup;
			children = (
				96335A20150076CD00B79F20 /* CODE.h */,
				96335A21150076CD00B79F20 /* CODEGenericBody.cpp */,
				96335A22150076CD00B79F20 /* CODEGenericBody.h */,
				96335A23150076CD00B79F20 /* CODEWorld.cpp */,
				96335A24150076CD00B79F20 /* CODEWorld.h */,
			);
			name = Source;
			sourceTree = "<group>";
		};
		1AB674ADFE9D54B511CA2CBB /* Products */ = {
			isa = PBXGroup;
			children = (
				D2AAC046055464E500DB518D /* libchai3d-ODE.a */,
			);
			name = Products;
			sourceTree = "<group>";
		};
		963E34F3155232F100D411C1 /* Products */ = {
			isa = PBXGroup;
			children = (
				963E34F7155232F200D411C1 /* libode.a */,
			);
			name = Products;
			sourceTree = "<group>";
		};
		963E34F8155232F800D411C1 /* External */ = {
			isa = PBXGroup;
			children = (
				963E34F2155232F100D411C1 /* ODE.xcodeproj */,
			);
			name = External;
			sourceTree = "<group>";
		};
/* End PBXGroup section */

/* Begin PBXHeadersBuildPhase section */
		D2AAC043055464E500DB518D /* Headers */ = {
			isa = PBXHeadersBuildPhase;
			buildActionMask = 2147483647;
			files = (
				96335A25150076CD00B79F20 /* CODE.h in Headers */,
				96335A27150076CD00B79F20 /* CODEGenericBody.h in Headers */,
				96335A29150076CD00B79F20 /* CODEWorld.h in Headers */,
			);
			runOnlyForDeploymentPostprocessing = 0;
		};
/* End PBXHeadersBuildPhase section */

/* Begin PBXNativeTarget section */
		D2AAC045055464E500DB518D /* chai3d-ODE */ = {
			isa = PBXNativeTarget;
			buildConfigurationList = 1DEB91EB08733DB70010E9CD /* Build configuration list for PBXNativeTarget "chai3d-ODE" */;
			buildPhases = (
				D2AAC043055464E500DB518D /* Headers */,
				D2AAC044055464E500DB518D /* Sources */,
				D289987405E68DCB004EDB86 /* Frameworks */,
			);
			buildRules = (
			);
			dependencies = (
				963E34FA1552330A00D411C1 /* PBXTargetDependency */,
			);
			name = "chai3d-ODE";
			productName = chai3d;
			productReference = D2AAC046055464E500DB518D /* libchai3d-ODE.a */;
			productType = "com.apple.product-type.library.static";
		};
/* End PBXNativeTarget section */

/* Begin PBXProject section */
		08FB7793FE84155DC02AAC07 /* Project object */ = {
			isa = PBXProject;
			attributes = {
				LastUpgradeCheck = 0800;
			};
			buildConfigurationList = 1DEB91EF08733DB70010E9CD /* Build configuration list for PBXProject "libchai3d-ODE" */;
			compatibilityVersion = "Xcode 3.2";
			developmentRegion = English;
			hasScannedForEncodings = 1;
			knownRegions = (
				English,
				Japanese,
				French,
				German,
			);
			mainGroup = 08FB7794FE84155DC02AAC07 /* chai3d-ODE */;
			projectDirPath = "";
			projectReferences = (
				{
					ProductGroup = 963E34F3155232F100D411C1 /* Products */;
					ProjectRef = 963E34F2155232F100D411C1 /* ODE.xcodeproj */;
				},
			);
			projectRoot = "";
			targets = (
				D2AAC045055464E500DB518D /* chai3d-ODE */,
			);
		};
/* End PBXProject section */

/* Begin PBXReferenceProxy section */
		963E34F7155232F200D411C1 /* libode.a */ = {
			isa = PBXReferenceProxy;
			fileType = archive.ar;
			path = libode.a;
			remoteRef = 963E34F6155232F200D411C1 /* PBXContainerItemProxy */;
			sourceTree = BUILT_PRODUCTS_DIR;
		};
/* End PBXReferenceProxy section */

/* Begin PBXSourcesBuildPhase section */
		D2AAC044055464E500DB518D /* Sources */ = {
			isa = PBXSourcesBuildPhase;
			buildActionMask = 2147483647;
			files = (
				96335A26150076CD00B79F20 /* CODEGenericBody.cpp in Sources */,
				96335A28150076CD00B79F20 /* CODEWorld.cpp in Sources */,
			);
			runOnlyForDeploymentPostprocessing = 0;
		};
/* End PBXSourcesBuildPhase section */

/* Begin PBXTargetDependency section */
		963E34FA1552330A00D411C1 /* PBXTargetDependency */ = {
			isa = PBXTargetDependency;
			name = libode;
			targetProxy = 963E34F91552330A00D411C1 /* PBXContainerItemProxy */;
		};
/* End PBXTargetDependency section */

/* Begin XCBuildConfiguration section */
		1DEB91EC08733DB70010E9CD /* Debug */ = {
			isa = XCBuildConfiguration;
			buildSettings = {
				ALWAYS_SEARCH_USER_PATHS = YES;
				COMBINE_HIDPI_IMAGES = YES;
				EXCLUDED_RECURSIVE_SEARCH_PATH_SUBDIRECTORIES = "*.nib *.lproj *.framework *.gch (*) .DS_Store CVS .svn .git .hg *.xcodeproj *.xcode *.pbproj *.pbxproj";
				GCC_INLINES_ARE_PRIVATE_EXTERN = YES;
				GCC_PREPROCESSOR_DEFINITIONS = "$(inherited)";
				GCC_SYMBOLS_PRIVATE_EXTERN = YES;
				LIBRARY_SEARCH_PATHS = (
					"$(inherited)",
					"\"$(SRCROOT)/external/ODE/lib/mac/Debug\"",
				);
				STRIP_INSTALLED_PRODUCT = YES;
				USER_HEADER_SEARCH_PATHS = "./src ./external/ODE/include ../../src ../../external/Eigen ../../external/glew/include";
			};
			name = Debug;
		};
		1DEB91ED08733DB70010E9CD /* Release */ = {
			isa = XCBuildConfiguration;
			buildSettings = {
				ALWAYS_SEARCH_USER_PATHS = YES;
				COMBINE_HIDPI_IMAGES = YES;
				EXCLUDED_RECURSIVE_SEARCH_PATH_SUBDIRECTORIES = "*.nib *.lproj *.framework *.gch (*) .DS_Store CVS .svn .git .hg *.xcodeproj *.xcode *.pbproj *.pbxproj";
				GCC_INLINES_ARE_PRIVATE_EXTERN = YES;
				GCC_PREPROCESSOR_DEFINITIONS = "$(inherited)";
				GCC_SYMBOLS_PRIVATE_EXTERN = YES;
				LIBRARY_SEARCH_PATHS = (
					"$(inherited)",
					"\"$(SRCROOT)/external/ODE/lib/mac/Debug\"",
				);
				STRIP_INSTALLED_PRODUCT = YES;
				USER_HEADER_SEARCH_PATHS = "./src ./external/ODE/include ../../src ../../external/Eigen ../../external/glew/include";
			};
			name = Release;
		};
		1DEB91F008733DB70010E9CD /* Debug */ = {
			isa = XCBuildConfiguration;
			buildSettings = {
				CLANG_ANALYZER_LOCALIZABILITY_NONLOCALIZED = YES;
				CLANG_CXX_LANGUAGE_STANDARD = "c++0x";
				CLANG_CXX_LIBRARY = "libc++";
				CLANG_WARN_BOOL_CONVERSION = YES;
				CLANG_WARN_CONSTANT_CONVERSION = YES;
				CLANG_WARN_EMPTY_BODY = YES;
				CLANG_WARN_ENUM_CONVERSION = YES;
				CLANG_WARN_INFINITE_RECURSION = YES;
				CLANG_WARN_INT_CONVERSION = YES;
				CLANG_WARN_SUSPICIOUS_MOVE = YES;
				CLANG_WARN_UNREACHABLE_CODE = YES;
				CLANG_WARN__DUPLICATE_METHOD_MATCH = YES;
				CONFIGURATION_BUILD_DIR = "$(BUILD_DIR)/$(CONFIGURATION)/mac";
				ENABLE_STRICT_OBJC_MSGSEND = YES;
				ENABLE_TESTABILITY = YES;
				GCC_NO_COMMON_BLOCKS = YES;
				GCC_PREPROCESSOR_DEFINITIONS = (
					ODE_LIB,
					dDOUBLE,
					MACOSX,
				);
				GCC_WARN_64_TO_32_BIT_CONVERSION = YES;
				GCC_WARN_ABOUT_DEPRECATED_FUNCTIONS = NO;
				GCC_WARN_ABOUT_RETURN_TYPE = YES;
				GCC_WARN_UNDECLARED_SELECTOR = YES;
				GCC_WARN_UNINITIALIZED_AUTOS = YES;
				GCC_WARN_UNUSED_FUNCTION = YES;
				GCC_WARN_UNUSED_VARIABLE = YES;
				OBJROOT = "obj/$(CONFIGURATION)/mac";
				ONLY_ACTIVE_ARCH = YES;
				PRODUCT_NAME = "$(TARGET_NAME)";
				SDKROOT = macosx;
				SYMROOT = lib;
				VALID_ARCHS = x86_64;
				WARNING_CFLAGS = "-Wno-deprecated";
			};
			name = Debug;
		};
		1DEB91F108733DB70010E9CD /* Release */ = {
			isa = XCBuildConfiguration;
			buildSettings = {
				CLANG_ANALYZER_LOCALIZABILITY_NONLOCALIZED = YES;
				CLANG_CXX_LANGUAGE_STANDARD = "c++0x";
				CLANG_CXX_LIBRARY = "libc++";
				CLANG_WARN_BOOL_CONVERSION = YES;
				CLANG_WARN_CONSTANT_CONVERSION = YES;
				CLANG_WARN_EMPTY_BODY = YES;
				CLANG_WARN_ENUM_CONVERSION = YES;
				CLANG_WARN_INFINITE_RECURSION = YES;
				CLANG_WARN_INT_CONVERSION = YES;
				CLANG_WARN_SUSPICIOUS_MOVE = YES;
				CLANG_WARN_UNREACHABLE_CODE = YES;
				CLANG_WARN__DUPLICATE_METHOD_MATCH = YES;
				CONFIGURATION_BUILD_DIR = "$(BUILD_DIR)/$(CONFIGURATION)/mac";
				ENABLE_STRICT_OBJC_MSGSEND = YES;
				GCC_NO_COMMON_BLOCKS = YES;
				GCC_PREPROCESSOR_DEFINITIONS = (
					ODE_LIB,
					dDOUBLE,
					dNODEBUG,
					MACOSX,
				);
				GCC_WARN_64_TO_32_BIT_CONVERSION = YES;
				GCC_WARN_ABOUT_DEPRECATED_FUNCTIONS = NO;
				GCC_WARN_ABOUT_RETURN_TYPE = YES;
				GCC_WARN_UNDECLARED_SELECTOR = YES;
				GCC_WARN_UNINITIALIZED_AUTOS = YES;
				GCC_WARN_UNUSED_FUNCTION = YES;
				GCC_WARN_UNUSED_VARIABLE = YES;
				OBJROOT = "obj/$(CONFIGURATION)/mac";
				PRODUCT_NAME = "$(TARGET_NAME)";
				SDKROOT = macosx;
				SYMROOT = lib;
				VALID_ARCHS = x86_64;
				WARNING_CFLAGS = "-Wno-deprecated";
			};
			name = Release;
		};
/* End XCBuildConfiguration section */

/* Begin XCConfigurationList section */
		1DEB91EB08733DB70010E9CD /* Build configuration list for PBXNativeTarget "chai3d-ODE" */ = {
			isa = XCConfigurationList;
			buildConfigurations = (
				1DEB91EC08733DB70010E9CD /* Debug */,
				1DEB91ED08733DB70010E9CD /* Release */,
			);
			defaultConfigurationIsVisible = 0;
			defaultConfigurationName = Release;
		};
		1DEB91EF08733DB70010E9CD /* Build configuration list for PBXProject "libchai3d-ODE" */ = {
			isa = XCConfigurationList;
			buildConfigurations = (
				1DEB91F008733DB70010E9CD /* Debug */,
				1DEB91F108733DB70010E9CD /* Release */,
			);
			defaultConfigurationIsVisible = 0;
			defaultConfigurationName = Release;
		};
/* End XCConfigurationList section */
	};
	rootObject = 08FB7793FE84155DC02AAC07 /* Project object */;
}
